// !$*UTF8*$!
{
	archiveVersion = 1;
	classes = {
	};
	objectVersion = 42;
	objects = {

/* Begin PBXAppleScriptBuildPhase section */
		2C895FCB081CCD6700694C34 /* AppleScript */ = {
			isa = PBXAppleScriptBuildPhase;
			buildActionMask = 2147483647;
			contextName = "";
			files = (
				2C895FB5081CCA5E00694C34 /* GetFinderSelection.applescript in AppleScript */,
			);
			isSharedContext = 0;
			runOnlyForDeploymentPostprocessing = 0;
		};
/* End PBXAppleScriptBuildPhase section */

/* Begin PBXBuildFile section */
		2C03FA320889442E008B7312 /* DmgFormats.plist in Resources */ = {isa = PBXBuildFile; fileRef = 2C03FA310889442E008B7312 /* DmgFormats.plist */; };
		2C03FBB4088A1353008B7312 /* UserDefaults.plist in Resources */ = {isa = PBXBuildFile; fileRef = 2C03FBB3088A1353008B7312 /* UserDefaults.plist */; };
		2C5A350A0897DCAB00F95662 /* stringExtra.m in Sources */ = {isa = PBXBuildFile; fileRef = 2C5A35080897DCAB00F95662 /* stringExtra.m */; };
		2C5A350B0897DCAB00F95662 /* stringExtra.h in Headers */ = {isa = PBXBuildFile; fileRef = 2C5A35090897DCAB00F95662 /* stringExtra.h */; };
		2C7FBDE308194C6D00340E25 /* MyDocumentController.h in Headers */ = {isa = PBXBuildFile; fileRef = 2C7FBDE108194C6D00340E25 /* MyDocumentController.h */; };
		2C7FBDE408194C6D00340E25 /* MyDocumentController.m in Sources */ = {isa = PBXBuildFile; fileRef = 2C7FBDE208194C6D00340E25 /* MyDocumentController.m */; };
		2C7FBE4608196D8300340E25 /* MyWindowController.h in Headers */ = {isa = PBXBuildFile; fileRef = 2C7FBE4408196D8300340E25 /* MyWindowController.h */; };
		2C7FBE4708196D8300340E25 /* MyWindowController.m in Sources */ = {isa = PBXBuildFile; fileRef = 2C7FBE4508196D8300340E25 /* MyWindowController.m */; };
		2C7FBEA5081A6E9100340E25 /* DmgDataSource.m in Sources */ = {isa = PBXBuildFile; fileRef = 2C7FBEA3081A6E9100340E25 /* DmgDataSource.m */; };
		2C7FBEA6081A6E9100340E25 /* DmgDataSource.h in Headers */ = {isa = PBXBuildFile; fileRef = 2C7FBEA4081A6E9100340E25 /* DmgDataSource.h */; };
		2C895FA7081C9D2900694C34 /* AppController.h in Headers */ = {isa = PBXBuildFile; fileRef = 2C895FA5081C9D2900694C34 /* AppController.h */; };
		2C895FA8081C9D2900694C34 /* AppController.m in Sources */ = {isa = PBXBuildFile; fileRef = 2C895FA6081C9D2900694C34 /* AppController.m */; };
		2C895FB5081CCA5E00694C34 /* GetFinderSelection.applescript in AppleScript */ = {isa = PBXBuildFile; fileRef = 2C895FB4081CCA5E00694C34 /* GetFinderSelection.applescript */; settings = {ATTRIBUTES = (Debug, ); }; };
		2C896427081D105D00694C34 /* DiskImageMaker.h in Headers */ = {isa = PBXBuildFile; fileRef = 2C896425081D105D00694C34 /* DiskImageMaker.h */; };
		2C896428081D105D00694C34 /* DiskImageMaker.m in Sources */ = {isa = PBXBuildFile; fileRef = 2C896426081D105D00694C34 /* DiskImageMaker.m */; };
		2CA3143808AA083200ADA32C /* Credits.html in Resources */ = {isa = PBXBuildFile; fileRef = 2CA3143708AA083200ADA32C /* Credits.html */; };
		2CA4BEAA09E22BAF00D9C9D6 /* QuickDMG.icns in Resources */ = {isa = PBXBuildFile; fileRef = 2CA4BEA909E22BAF00D9C9D6 /* QuickDMG.icns */; };
		2CA4C01F09E22DBF00D9C9D6 /* MyDocument.h in Headers */ = {isa = PBXBuildFile; fileRef = 2A37F4AEFDCFA73011CA2CEA /* MyDocument.h */; };
		2CDD29E40B16DFCE000B3543 /* HelpSetup.plist in Resources */ = {isa = PBXBuildFile; fileRef = 2CDD29E30B16DFCE000B3543 /* HelpSetup.plist */; };
		2CF42623088EB8F1002BBE99 /* Localizable.strings in Resources */ = {isa = PBXBuildFile; fileRef = 2CF42622088EB8F1002BBE99 /* Localizable.strings */; };
		2CFCC30709B29D7A001C6704 /* setuphelp.sh in Resources */ = {isa = PBXBuildFile; fileRef = 2CFCC30609B29D7A001C6704 /* setuphelp.sh */; };
		8D15AC2D0486D014006FF6A4 /* MainMenu.nib in Resources */ = {isa = PBXBuildFile; fileRef = 2A37F4B6FDCFA73011CA2CEA /* MainMenu.nib */; };
		8D15AC2E0486D014006FF6A4 /* MyDocument.nib in Resources */ = {isa = PBXBuildFile; fileRef = 2A37F4B4FDCFA73011CA2CEA /* MyDocument.nib */; };
		8D15AC2F0486D014006FF6A4 /* InfoPlist.strings in Resources */ = {isa = PBXBuildFile; fileRef = 089C165FFE840EACC02AAC07 /* InfoPlist.strings */; };
		8D15AC310486D014006FF6A4 /* MyDocument.m in Sources */ = {isa = PBXBuildFile; fileRef = 2A37F4ACFDCFA73011CA2CEA /* MyDocument.m */; settings = {ATTRIBUTES = (); }; };
		8D15AC320486D014006FF6A4 /* main.m in Sources */ = {isa = PBXBuildFile; fileRef = 2A37F4B0FDCFA73011CA2CEA /* main.m */; settings = {ATTRIBUTES = (); }; };
		8D15AC340486D014006FF6A4 /* Cocoa.framework in Frameworks */ = {isa = PBXBuildFile; fileRef = 1058C7A7FEA54F5311CA2CBB /* Cocoa.framework */; };
/* End PBXBuildFile section */

/* Begin PBXFileReference section */
		089C1660FE840EACC02AAC07 /* English */ = {isa = PBXFileReference; fileEncoding = 10; lastKnownFileType = text.plist.strings; name = English; path = English.lproj/InfoPlist.strings; sourceTree = "<group>"; };
		1058C7A7FEA54F5311CA2CBB /* Cocoa.framework */ = {isa = PBXFileReference; lastKnownFileType = wrapper.framework; name = Cocoa.framework; path = /System/Library/Frameworks/Cocoa.framework; sourceTree = "<absolute>"; };
		2A37F4ACFDCFA73011CA2CEA /* MyDocument.m */ = {isa = PBXFileReference; fileEncoding = 4; lastKnownFileType = sourcecode.c.objc; path = MyDocument.m; sourceTree = "<group>"; };
		2A37F4AEFDCFA73011CA2CEA /* MyDocument.h */ = {isa = PBXFileReference; fileEncoding = 4; lastKnownFileType = sourcecode.c.h; path = MyDocument.h; sourceTree = "<group>"; };
		2A37F4B0FDCFA73011CA2CEA /* main.m */ = {isa = PBXFileReference; fileEncoding = 4; lastKnownFileType = sourcecode.c.objc; path = main.m; sourceTree = "<group>"; };
		2A37F4B5FDCFA73011CA2CEA /* English */ = {isa = PBXFileReference; lastKnownFileType = wrapper.nib; name = English; path = English.lproj/MyDocument.nib; sourceTree = "<group>"; };
		2A37F4B7FDCFA73011CA2CEA /* English */ = {isa = PBXFileReference; lastKnownFileType = wrapper.nib; name = English; path = English.lproj/MainMenu.nib; sourceTree = "<group>"; };
		2A37F4C4FDCFA73011CA2CEA /* AppKit.framework */ = {isa = PBXFileReference; lastKnownFileType = wrapper.framework; name = AppKit.framework; path = /System/Library/Frameworks/AppKit.framework; sourceTree = "<absolute>"; };
		2A37F4C5FDCFA73011CA2CEA /* Foundation.framework */ = {isa = PBXFileReference; lastKnownFileType = wrapper.framework; name = Foundation.framework; path = /System/Library/Frameworks/Foundation.framework; sourceTree = "<absolute>"; };
		2C03FA310889442E008B7312 /* DmgFormats.plist */ = {isa = PBXFileReference; fileEncoding = 4; lastKnownFileType = text.plist; path = DmgFormats.plist; sourceTree = "<group>"; };
		2C03FBB3088A1353008B7312 /* UserDefaults.plist */ = {isa = PBXFileReference; fileEncoding = 4; lastKnownFileType = text.plist; path = UserDefaults.plist; sourceTree = "<group>"; };
		2C5A35080897DCAB00F95662 /* stringExtra.m */ = {isa = PBXFileReference; fileEncoding = 4; lastKnownFileType = sourcecode.c.objc; path = stringExtra.m; sourceTree = "<group>"; };
		2C5A35090897DCAB00F95662 /* stringExtra.h */ = {isa = PBXFileReference; fileEncoding = 4; lastKnownFileType = sourcecode.c.h; path = stringExtra.h; sourceTree = "<group>"; };
		2C7FBDE108194C6D00340E25 /* MyDocumentController.h */ = {isa = PBXFileReference; fileEncoding = "-2147483647"; lastKnownFileType = sourcecode.c.h; path = MyDocumentController.h; sourceTree = "<group>"; };
		2C7FBDE208194C6D00340E25 /* MyDocumentController.m */ = {isa = PBXFileReference; fileEncoding = "-2147483647"; lastKnownFileType = sourcecode.c.objc; path = MyDocumentController.m; sourceTree = "<group>"; };
		2C7FBE4408196D8300340E25 /* MyWindowController.h */ = {isa = PBXFileReference; fileEncoding = 4; lastKnownFileType = sourcecode.c.h; path = MyWindowController.h; sourceTree = "<group>"; };
		2C7FBE4508196D8300340E25 /* MyWindowController.m */ = {isa = PBXFileReference; fileEncoding = 4; lastKnownFileType = sourcecode.c.objc; path = MyWindowController.m; sourceTree = "<group>"; };
		2C7FBEA3081A6E9100340E25 /* DmgDataSource.m */ = {isa = PBXFileReference; fileEncoding = "-2147483647"; lastKnownFileType = sourcecode.c.objc; path = DmgDataSource.m; sourceTree = "<group>"; };
		2C7FBEA4081A6E9100340E25 /* DmgDataSource.h */ = {isa = PBXFileReference; fileEncoding = "-2147483647"; lastKnownFileType = sourcecode.c.h; path = DmgDataSource.h; sourceTree = "<group>"; };
		2C7FBFD2081BAAAC00340E25 /* History.rtf */ = {isa = PBXFileReference; lastKnownFileType = text.rtf; path = History.rtf; sourceTree = "<group>"; };
		2C895FA5081C9D2900694C34 /* AppController.h */ = {isa = PBXFileReference; fileEncoding = "-2147483647"; lastKnownFileType = sourcecode.c.h; path = AppController.h; sourceTree = "<group>"; };
		2C895FA6081C9D2900694C34 /* AppController.m */ = {isa = PBXFileReference; fileEncoding = "-2147483647"; lastKnownFileType = sourcecode.c.objc; path = AppController.m; sourceTree = "<group>"; };
		2C895FB4081CCA5E00694C34 /* GetFinderSelection.applescript */ = {isa = PBXFileReference; fileEncoding = 4; lastKnownFileType = sourcecode.applescript; path = GetFinderSelection.applescript; sourceTree = "<group>"; };
		2C896425081D105D00694C34 /* DiskImageMaker.h */ = {isa = PBXFileReference; fileEncoding = 4; lastKnownFileType = sourcecode.c.h; path = DiskImageMaker.h; sourceTree = "<group>"; };
		2C896426081D105D00694C34 /* DiskImageMaker.m */ = {isa = PBXFileReference; fileEncoding = 4; lastKnownFileType = sourcecode.c.objc; path = DiskImageMaker.m; sourceTree = "<group>"; };
		2CA3143708AA083200ADA32C /* Credits.html */ = {isa = PBXFileReference; fileEncoding = "-2147483647"; lastKnownFileType = text.html; path = Credits.html; sourceTree = "<group>"; };
		2CA4BEA909E22BAF00D9C9D6 /* QuickDMG.icns */ = {isa = PBXFileReference; lastKnownFileType = image.icns; path = QuickDMG.icns; sourceTree = "<group>"; };
		2CDD29E30B16DFCE000B3543 /* HelpSetup.plist */ = {isa = PBXFileReference; fileEncoding = "-2147483647"; lastKnownFileType = text.xml; path = HelpSetup.plist; sourceTree = "<group>"; };
		2CF42620088EB8E6002BBE99 /* English */ = {isa = PBXFileReference; fileEncoding = 10; lastKnownFileType = text.plist.strings; lineEnding = 0; name = English; path = English.lproj/Localizable.strings; sourceTree = "<group>"; };
		2CFCC30609B29D7A001C6704 /* setuphelp.sh */ = {isa = PBXFileReference; fileEncoding = 4; lastKnownFileType = text.script.sh; path = setuphelp.sh; sourceTree = "<group>"; };
		32DBCF750370BD2300C91783 /* QuickDMG_Prefix.pch */ = {isa = PBXFileReference; fileEncoding = 4; lastKnownFileType = sourcecode.c.h; path = QuickDMG_Prefix.pch; sourceTree = "<group>"; };
		8D15AC360486D014006FF6A4 /* Info.plist */ = {isa = PBXFileReference; explicitFileType = text.xml; fileEncoding = 4; lineEnding = 0; path = Info.plist; sourceTree = "<group>"; };
		8D15AC370486D014006FF6A4 /* QuickDMG.app */ = {isa = PBXFileReference; explicitFileType = wrapper.application; includeInIndex = 0; path = QuickDMG.app; sourceTree = BUILT_PRODUCTS_DIR; };
/* End PBXFileReference section */

/* Begin PBXFrameworksBuildPhase section */
		8D15AC330486D014006FF6A4 /* Frameworks */ = {
			isa = PBXFrameworksBuildPhase;
			buildActionMask = 2147483647;
			files = (
				8D15AC340486D014006FF6A4 /* Cocoa.framework in Frameworks */,
			);
			runOnlyForDeploymentPostprocessing = 0;
		};
/* End PBXFrameworksBuildPhase section */

/* Begin PBXGroup section */
		1058C7A6FEA54F5311CA2CBB /* Linked Frameworks */ = {
			isa = PBXGroup;
			children = (
				1058C7A7FEA54F5311CA2CBB /* Cocoa.framework */,
			);
			name = "Linked Frameworks";
			sourceTree = "<group>";
		};
		1058C7A8FEA54F5311CA2CBB /* Other Frameworks */ = {
			isa = PBXGroup;
			children = (
				2A37F4C5FDCFA73011CA2CEA /* Foundation.framework */,
				2A37F4C4FDCFA73011CA2CEA /* AppKit.framework */,
			);
			name = "Other Frameworks";
			sourceTree = "<group>";
		};
		19C28FB0FE9D524F11CA2CBB /* Products */ = {
			isa = PBXGroup;
			children = (
				8D15AC370486D014006FF6A4 /* QuickDMG.app */,
			);
			name = Products;
			sourceTree = "<group>";
		};
		2A37F4AAFDCFA73011CA2CEA /* docbaseApp */ = {
			isa = PBXGroup;
			children = (
				2A37F4ABFDCFA73011CA2CEA /* Classes */,
				2C895FB3081CCA3D00694C34 /* Scripts */,
				2A37F4AFFDCFA73011CA2CEA /* Other Sources */,
				2A37F4B8FDCFA73011CA2CEA /* Resources */,
				2A37F4C3FDCFA73011CA2CEA /* Frameworks */,
				19C28FB0FE9D524F11CA2CBB /* Products */,
			);
			name = docbaseApp;
			sourceTree = "<group>";
		};
		2A37F4ABFDCFA73011CA2CEA /* Classes */ = {
			isa = PBXGroup;
			children = (
				2C896425081D105D00694C34 /* DiskImageMaker.h */,
				2C896426081D105D00694C34 /* DiskImageMaker.m */,
				2C7FBE4408196D8300340E25 /* MyWindowController.h */,
				2C7FBE4508196D8300340E25 /* MyWindowController.m */,
				2A37F4AEFDCFA73011CA2CEA /* MyDocument.h */,
				2A37F4ACFDCFA73011CA2CEA /* MyDocument.m */,
				2C7FBDE108194C6D00340E25 /* MyDocumentController.h */,
				2C7FBDE208194C6D00340E25 /* MyDocumentController.m */,
				2C7FBEA3081A6E9100340E25 /* DmgDataSource.m */,
				2C7FBEA4081A6E9100340E25 /* DmgDataSource.h */,
				2C895FA5081C9D2900694C34 /* AppController.h */,
				2C895FA6081C9D2900694C34 /* AppController.m */,
				2C5A35080897DCAB00F95662 /* stringExtra.m */,
				2C5A35090897DCAB00F95662 /* stringExtra.h */,
			);
			name = Classes;
			sourceTree = "<group>";
		};
		2A37F4AFFDCFA73011CA2CEA /* Other Sources */ = {
			isa = PBXGroup;
			children = (
				32DBCF750370BD2300C91783 /* QuickDMG_Prefix.pch */,
				2A37F4B0FDCFA73011CA2CEA /* main.m */,
			);
			name = "Other Sources";
			sourceTree = "<group>";
		};
		2A37F4B8FDCFA73011CA2CEA /* Resources */ = {
			isa = PBXGroup;
			children = (
				2CDD29E30B16DFCE000B3543 /* HelpSetup.plist */,
				2CA4BEA909E22BAF00D9C9D6 /* QuickDMG.icns */,
				2CFCC30609B29D7A001C6704 /* setuphelp.sh */,
				2CF42622088EB8F1002BBE99 /* Localizable.strings */,
				2C03FBB3088A1353008B7312 /* UserDefaults.plist */,
				2C03FA310889442E008B7312 /* DmgFormats.plist */,
				2C7FBFD2081BAAAC00340E25 /* History.rtf */,
				2A37F4B6FDCFA73011CA2CEA /* MainMenu.nib */,
				2CA3143708AA083200ADA32C /* Credits.html */,
				2A37F4B4FDCFA73011CA2CEA /* MyDocument.nib */,
				8D15AC360486D014006FF6A4 /* Info.plist */,
				089C165FFE840EACC02AAC07 /* InfoPlist.strings */,
			);
			name = Resources;
			sourceTree = "<group>";
		};
		2A37F4C3FDCFA73011CA2CEA /* Frameworks */ = {
			isa = PBXGroup;
			children = (
				1058C7A6FEA54F5311CA2CBB /* Linked Frameworks */,
				1058C7A8FEA54F5311CA2CBB /* Other Frameworks */,
			);
			name = Frameworks;
			sourceTree = "<group>";
		};
		2C895FB3081CCA3D00694C34 /* Scripts */ = {
			isa = PBXGroup;
			children = (
				2C895FB4081CCA5E00694C34 /* GetFinderSelection.applescript */,
			);
			name = Scripts;
			sourceTree = "<group>";
		};
/* End PBXGroup section */

/* Begin PBXHeadersBuildPhase section */
		2CA4C01D09E22D8400D9C9D6 /* Headers */ = {
			isa = PBXHeadersBuildPhase;
			buildActionMask = 2147483647;
			files = (
				2C5A350B0897DCAB00F95662 /* stringExtra.h in Headers */,
				2CA4C01F09E22DBF00D9C9D6 /* MyDocument.h in Headers */,
				2C7FBDE308194C6D00340E25 /* MyDocumentController.h in Headers */,
				2C7FBE4608196D8300340E25 /* MyWindowController.h in Headers */,
				2C7FBEA6081A6E9100340E25 /* DmgDataSource.h in Headers */,
				2C895FA7081C9D2900694C34 /* AppController.h in Headers */,
				2C896427081D105D00694C34 /* DiskImageMaker.h in Headers */,
			);
			runOnlyForDeploymentPostprocessing = 0;
		};
/* End PBXHeadersBuildPhase section */

/* Begin PBXNativeTarget section */
		8D15AC270486D014006FF6A4 /* QuickDMG */ = {
			isa = PBXNativeTarget;
			buildConfigurationList = 2CC63DFD09377A2500503C26 /* Build configuration list for PBXNativeTarget "QuickDMG" */;
			buildPhases = (
				8D15AC2B0486D014006FF6A4 /* Resources */,
				2CA4C01D09E22D8400D9C9D6 /* Headers */,
				8D15AC300486D014006FF6A4 /* Sources */,
				8D15AC330486D014006FF6A4 /* Frameworks */,
				2C895FCB081CCD6700694C34 /* AppleScript */,
			);
			buildRules = (
			);
			dependencies = (
			);
			name = QuickDMG;
			productInstallPath = "$(HOME)/Applications";
			productName = docbaseApp;
			productReference = 8D15AC370486D014006FF6A4 /* QuickDMG.app */;
			productType = "com.apple.product-type.application";
		};
/* End PBXNativeTarget section */

/* Begin PBXProject section */
		2A37F4A9FDCFA73011CA2CEA /* Project object */ = {
			isa = PBXProject;
			buildConfigurationList = 2CC63E0109377A2500503C26 /* Build configuration list for PBXProject "QuickDMG" */;
			hasScannedForEncodings = 1;
			mainGroup = 2A37F4AAFDCFA73011CA2CEA /* docbaseApp */;
			projectDirPath = "";
			targets = (
				8D15AC270486D014006FF6A4 /* QuickDMG */,
			);
		};
/* End PBXProject section */

/* Begin PBXResourcesBuildPhase section */
		8D15AC2B0486D014006FF6A4 /* Resources */ = {
			isa = PBXResourcesBuildPhase;
			buildActionMask = 2147483647;
			files = (
				2CA4BEAA09E22BAF00D9C9D6 /* QuickDMG.icns in Resources */,
				8D15AC2D0486D014006FF6A4 /* MainMenu.nib in Resources */,
				8D15AC2E0486D014006FF6A4 /* MyDocument.nib in Resources */,
				8D15AC2F0486D014006FF6A4 /* InfoPlist.strings in Resources */,
				2C03FA320889442E008B7312 /* DmgFormats.plist in Resources */,
				2C03FBB4088A1353008B7312 /* UserDefaults.plist in Resources */,
				2CF42623088EB8F1002BBE99 /* Localizable.strings in Resources */,
				2CA3143808AA083200ADA32C /* Credits.html in Resources */,
				2CFCC30709B29D7A001C6704 /* setuphelp.sh in Resources */,
				2CDD29E40B16DFCE000B3543 /* HelpSetup.plist in Resources */,
			);
			runOnlyForDeploymentPostprocessing = 0;
		};
/* End PBXResourcesBuildPhase section */

/* Begin PBXSourcesBuildPhase section */
		8D15AC300486D014006FF6A4 /* Sources */ = {
			isa = PBXSourcesBuildPhase;
			buildActionMask = 2147483647;
			files = (
				8D15AC310486D014006FF6A4 /* MyDocument.m in Sources */,
				8D15AC320486D014006FF6A4 /* main.m in Sources */,
				2C7FBDE408194C6D00340E25 /* MyDocumentController.m in Sources */,
				2C7FBE4708196D8300340E25 /* MyWindowController.m in Sources */,
				2C7FBEA5081A6E9100340E25 /* DmgDataSource.m in Sources */,
				2C895FA8081C9D2900694C34 /* AppController.m in Sources */,
				2C896428081D105D00694C34 /* DiskImageMaker.m in Sources */,
				2C5A350A0897DCAB00F95662 /* stringExtra.m in Sources */,
			);
			runOnlyForDeploymentPostprocessing = 0;
		};
/* End PBXSourcesBuildPhase section */

/* Begin PBXVariantGroup section */
		089C165FFE840EACC02AAC07 /* InfoPlist.strings */ = {
			isa = PBXVariantGroup;
			children = (
				089C1660FE840EACC02AAC07 /* English */,
			);
			name = InfoPlist.strings;
			sourceTree = "<group>";
		};
		2A37F4B4FDCFA73011CA2CEA /* MyDocument.nib */ = {
			isa = PBXVariantGroup;
			children = (
				2A37F4B5FDCFA73011CA2CEA /* English */,
			);
			name = MyDocument.nib;
			sourceTree = "<group>";
		};
		2A37F4B6FDCFA73011CA2CEA /* MainMenu.nib */ = {
			isa = PBXVariantGroup;
			children = (
				2A37F4B7FDCFA73011CA2CEA /* English */,
			);
			name = MainMenu.nib;
			sourceTree = "<group>";
		};
		2CF42622088EB8F1002BBE99 /* Localizable.strings */ = {
			isa = PBXVariantGroup;
			children = (
				2CF42620088EB8E6002BBE99 /* English */,
			);
			name = Localizable.strings;
			sourceTree = "<group>";
		};
/* End PBXVariantGroup section */

/* Begin XCBuildConfiguration section */
		2CC63DFE09377A2500503C26 /* Debug */ = {
			isa = XCBuildConfiguration;
			buildSettings = {
				COPY_PHASE_STRIP = NO;
				GCC_C_LANGUAGE_STANDARD = gnu99;
				GCC_DYNAMIC_NO_PIC = NO;
				GCC_ENABLE_FIX_AND_CONTINUE = YES;
				GCC_GENERATE_DEBUGGING_SYMBOLS = YES;
				GCC_OPTIMIZATION_LEVEL = 0;
				GCC_PRECOMPILE_PREFIX_HEADER = YES;
				GCC_PREFIX_HEADER = QuickDMG_Prefix.pch;
				INFOPLIST_FILE = Info.plist;
				INSTALL_PATH = "$(HOME)/Applications";
				PRODUCT_NAME = QuickDMG;
				WRAPPER_EXTENSION = app;
				ZERO_LINK = YES;
			};
			name = Debug;
		};
		2CC63DFF09377A2500503C26 /* Release */ = {
			isa = XCBuildConfiguration;
			buildSettings = {
				COPY_PHASE_STRIP = YES;
				GCC_C_LANGUAGE_STANDARD = gnu99;
				GCC_ENABLE_FIX_AND_CONTINUE = NO;
				GCC_GENERATE_DEBUGGING_SYMBOLS = NO;
				GCC_PRECOMPILE_PREFIX_HEADER = YES;
				GCC_PREFIX_HEADER = QuickDMG_Prefix.pch;
				INFOPLIST_FILE = Info.plist;
				INSTALL_PATH = "$(HOME)/Applications";
				PRODUCT_NAME = QuickDMG;
				WRAPPER_EXTENSION = app;
				ZERO_LINK = NO;
			};
			name = Release;
		};
		2CC63E0009377A2500503C26 /* Default */ = {
			isa = XCBuildConfiguration;
			buildSettings = {
				GCC_C_LANGUAGE_STANDARD = gnu99;
				GCC_GENERATE_DEBUGGING_SYMBOLS = NO;
				GCC_PRECOMPILE_PREFIX_HEADER = YES;
				GCC_PREFIX_HEADER = QuickDMG_Prefix.pch;
				INFOPLIST_FILE = Info.plist;
				INSTALL_PATH = "$(HOME)/Applications";
				PRODUCT_NAME = QuickDMG;
				WRAPPER_EXTENSION = app;
			};
			name = Default;
		};
		2CC63E0209377A2500503C26 /* Debug */ = {
			isa = XCBuildConfiguration;
			buildSettings = {
				MACOSX_DEPLOYMENT_TARGET = "";
				SDKROOT = /Developer/SDKs/MacOSX10.4u.sdk;
			};
			name = Debug;
		};
		2CC63E0309377A2500503C26 /* Release */ = {
			isa = XCBuildConfiguration;
			buildSettings = {
				ARCHS = (
					ppc,
					i386,
				);
				MACOSX_DEPLOYMENT_TARGET = 10.4;
				PREBINDING = NO;
				SDKROOT = /Developer/SDKs/MacOSX10.4u.sdk;
			};
			name = Release;
		};
		2CC63E0409377A2500503C26 /* Default */ = {
			isa = XCBuildConfiguration;
			buildSettings = {
				MACOSX_DEPLOYMENT_TARGET = 10.3;
				SDKROOT = /Developer/SDKs/MacOSX10.4u.sdk;
			};
			name = Default;
		};
/* End XCBuildConfiguration section */

/* Begin XCConfigurationList section */
		2CC63DFD09377A2500503C26 /* Build configuration list for PBXNativeTarget "QuickDMG" */ = {
			isa = XCConfigurationList;
			buildConfigurations = (
				2CC63DFE09377A2500503C26 /* Debug */,
				2CC63DFF09377A2500503C26 /* Release */,
				2CC63E0009377A2500503C26 /* Default */,
			);
			defaultConfigurationIsVisible = 0;
			defaultConfigurationName = Default;
		};
		2CC63E0109377A2500503C26 /* Build configuration list for PBXProject "QuickDMG" */ = {
			isa = XCConfigurationList;
			buildConfigurations = (
				2CC63E0209377A2500503C26 /* Debug */,
				2CC63E0309377A2500503C26 /* Release */,
				2CC63E0409377A2500503C26 /* Default */,
			);
			defaultConfigurationIsVisible = 0;
			defaultConfigurationName = Default;
		};
/* End XCConfigurationList section */
	};
	rootObject = 2A37F4A9FDCFA73011CA2CEA /* Project object */;
}
