// !$*UTF8*$!
{
	archiveVersion = 1;
	classes = {
	};
	objectVersion = 48;
	objects = {

/* Begin PBXBuildFile section */
		2C03FBB4088A1353008B7312 /* UserDefaults.plist in Resources */ = {isa = PBXBuildFile; fileRef = 2C03FBB3088A1353008B7312 /* UserDefaults.plist */; };
		2C1451F315E60CD300481DE3 /* ExpandDMGWindowController.m in Sources */ = {isa = PBXBuildFile; fileRef = 2C1451F215E60CD300481DE3 /* ExpandDMGWindowController.m */; };
		2C14520315E61AEE00481DE3 /* ExpandDMGWindow.xib in Resources */ = {isa = PBXBuildFile; fileRef = 2C14520215E61AEE00481DE3 /* ExpandDMGWindow.xib */; };
		2C1452A215E751CB00481DE3 /* DMGHandler.m in Sources */ = {isa = PBXBuildFile; fileRef = 2C1452A115E751CB00481DE3 /* DMGHandler.m */; };
		2C1D0A450CEAC5AF00B59A0E /* plus.tiff in Resources */ = {isa = PBXBuildFile; fileRef = 2C1D0A430CEAC5AF00B59A0E /* plus.tiff */; };
		2C1D0A460CEAC5AF00B59A0E /* minus.tiff in Resources */ = {isa = PBXBuildFile; fileRef = 2C1D0A440CEAC5AF00B59A0E /* minus.tiff */; };
		2C24C8680CA0E60400E01AC0 /* DMGOptionsViewController.m in Sources */ = {isa = PBXBuildFile; fileRef = 2C24C8660CA0E60400E01AC0 /* DMGOptionsViewController.m */; };
		2C24C8790CA0EBFD00E01AC0 /* MDMGWindowController.m in Sources */ = {isa = PBXBuildFile; fileRef = 2C24C8770CA0EBFD00E01AC0 /* MDMGWindowController.m */; };
		2C4DAD040CE29DD3009240B6 /* DMGProgressWindowController.m in Sources */ = {isa = PBXBuildFile; fileRef = 2C4DAD020CE29DD3009240B6 /* DMGProgressWindowController.m */; };
		2C59F41D0E2C5F4400261662 /* PipingTask.m in Sources */ = {isa = PBXBuildFile; fileRef = 2C0F78C00E14E6A600BDD9E3 /* PipingTask.m */; };
		2C69751D220031FB008957F5 /* DMGTask.m in Sources */ = {isa = PBXBuildFile; fileRef = 2C69751C220031FB008957F5 /* DMGTask.m */; };
		2C69751E220031FB008957F5 /* DMGTask.m in Sources */ = {isa = PBXBuildFile; fileRef = 2C69751C220031FB008957F5 /* DMGTask.m */; };
		2C7FBE4708196D8300340E25 /* DMGWindowController.m in Sources */ = {isa = PBXBuildFile; fileRef = 2C7FBE4508196D8300340E25 /* DMGWindowController.m */; };
		2C88999721F06BE800E5D745 /* QuickDMG.icns in Resources */ = {isa = PBXBuildFile; fileRef = 2CA4BEA909E22BAF00D9C9D6 /* QuickDMG.icns */; };
		2C88999821F06BE800E5D745 /* InfoPlist.strings in Resources */ = {isa = PBXBuildFile; fileRef = 089C165FFE840EACC02AAC07 /* InfoPlist.strings */; };
		2C88999921F06BE800E5D745 /* UserDefaults.plist in Resources */ = {isa = PBXBuildFile; fileRef = 2C03FBB3088A1353008B7312 /* UserDefaults.plist */; };
		2C88999A21F06BE800E5D745 /* Localizable.strings in Resources */ = {isa = PBXBuildFile; fileRef = 2CF42622088EB8F1002BBE99 /* Localizable.strings */; };
		2C88999B21F06BE800E5D745 /* HelpSetup.plist in Resources */ = {isa = PBXBuildFile; fileRef = 2CDD29E30B16DFCE000B3543 /* HelpSetup.plist */; };
		2C88999C21F06BE800E5D745 /* plus.tiff in Resources */ = {isa = PBXBuildFile; fileRef = 2C1D0A430CEAC5AF00B59A0E /* plus.tiff */; };
		2C88999D21F06BE800E5D745 /* minus.tiff in Resources */ = {isa = PBXBuildFile; fileRef = 2C1D0A440CEAC5AF00B59A0E /* minus.tiff */; };
		2C88999E21F06BE800E5D745 /* ServicesMenu.strings in Resources */ = {isa = PBXBuildFile; fileRef = 2C97F3390D34E39F008813CF /* ServicesMenu.strings */; };
		2C88999F21F06BE800E5D745 /* Credits.rtf in Resources */ = {isa = PBXBuildFile; fileRef = 2CF840FC1580ED73004E5E20 /* Credits.rtf */; };
		2C8899A021F06BE800E5D745 /* dsa_pub.pem in Resources */ = {isa = PBXBuildFile; fileRef = 2CF841E615824F92004E5E20 /* dsa_pub.pem */; };
		2C8899A121F06BE800E5D745 /* ExpandDMGWindow.xib in Resources */ = {isa = PBXBuildFile; fileRef = 2C14520215E61AEE00481DE3 /* ExpandDMGWindow.xib */; };
		2C8899A321F06BE800E5D745 /* DMGDocument.xib in Resources */ = {isa = PBXBuildFile; fileRef = 2CC915191C7744A60054346E /* DMGDocument.xib */; };
		2C8899A421F06BE800E5D745 /* DMGOptionsView.xib in Resources */ = {isa = PBXBuildFile; fileRef = 2CC9151B1C7744A60054346E /* DMGOptionsView.xib */; };
		2C8899A521F06BE800E5D745 /* DMGProgressWindow.xib in Resources */ = {isa = PBXBuildFile; fileRef = 2CC9151D1C7744A60054346E /* DMGProgressWindow.xib */; };
		2C8899A621F06BE800E5D745 /* MainMenu.xib in Resources */ = {isa = PBXBuildFile; fileRef = 2CC9151F1C7744A60054346E /* MainMenu.xib */; };
		2C8899A721F06BE800E5D745 /* MDMGWindow.xib in Resources */ = {isa = PBXBuildFile; fileRef = 2CC915211C7744A60054346E /* MDMGWindow.xib */; };
		2C8899A821F06BE800E5D745 /* QuickDMGHelp in Resources */ = {isa = PBXBuildFile; fileRef = 2CD8A27B1C7C7F99001800EE /* QuickDMGHelp */; };
		2C8899AA21F06BE800E5D745 /* GetFinderSelection.applescript in Sources */ = {isa = PBXBuildFile; fileRef = 2C895FB4081CCA5E00694C34 /* GetFinderSelection.applescript */; settings = {ATTRIBUTES = (Debug, ); }; };
		2C8899AB21F06BE800E5D745 /* DMGDocumentController.m in Sources */ = {isa = PBXBuildFile; fileRef = 2CC2DBCD0CABC876006E7800 /* DMGDocumentController.m */; };
		2C8899AC21F06BE800E5D745 /* DMGDocument.m in Sources */ = {isa = PBXBuildFile; fileRef = 2A37F4ACFDCFA73011CA2CEA /* DMGDocument.m */; settings = {ATTRIBUTES = (); }; };
		2C8899AD21F06BE800E5D745 /* main.m in Sources */ = {isa = PBXBuildFile; fileRef = 2A37F4B0FDCFA73011CA2CEA /* main.m */; settings = {ATTRIBUTES = (); }; };
		2C8899AE21F06BE800E5D745 /* DMGWindowController.m in Sources */ = {isa = PBXBuildFile; fileRef = 2C7FBE4508196D8300340E25 /* DMGWindowController.m */; };
		2C8899AF21F06BE800E5D745 /* AppController.m in Sources */ = {isa = PBXBuildFile; fileRef = 2C895FA6081C9D2900694C34 /* AppController.m */; };
		2C8899B021F06BE800E5D745 /* DiskImageMaker.m in Sources */ = {isa = PBXBuildFile; fileRef = 2C896426081D105D00694C34 /* DiskImageMaker.m */; };
		2C8899B121F06BE800E5D745 /* LocalizedStringTransformer.m in Sources */ = {isa = PBXBuildFile; fileRef = 2CB60F6F0BCB9D56009F39D7 /* LocalizedStringTransformer.m */; };
		2C8899B221F06BE800E5D745 /* DMGOptionsViewController.m in Sources */ = {isa = PBXBuildFile; fileRef = 2C24C8660CA0E60400E01AC0 /* DMGOptionsViewController.m */; };
		2C8899B321F06BE800E5D745 /* MDMGWindowController.m in Sources */ = {isa = PBXBuildFile; fileRef = 2C24C8770CA0EBFD00E01AC0 /* MDMGWindowController.m */; };
		2C8899B421F06BE800E5D745 /* DMGProgressWindowController.m in Sources */ = {isa = PBXBuildFile; fileRef = 2C4DAD020CE29DD3009240B6 /* DMGProgressWindowController.m */; };
		2C8899B521F06BE800E5D745 /* KXTableView.m in Sources */ = {isa = PBXBuildFile; fileRef = 2CC2E7AB0CE7EB6400653E25 /* KXTableView.m */; };
		2C8899B621F06BE800E5D745 /* FileTableController.m in Sources */ = {isa = PBXBuildFile; fileRef = 2CFAE2560CE848E70070AEF4 /* FileTableController.m */; };
		2C8899B721F06BE800E5D745 /* UtilityFunctions.m in Sources */ = {isa = PBXBuildFile; fileRef = 2CC904130CE877830016E8D7 /* UtilityFunctions.m */; };
		2C8899B821F06BE800E5D745 /* PipingTask.m in Sources */ = {isa = PBXBuildFile; fileRef = 2C0F78C00E14E6A600BDD9E3 /* PipingTask.m */; };
		2C8899B921F06BE800E5D745 /* ExpandDMGWindowController.m in Sources */ = {isa = PBXBuildFile; fileRef = 2C1451F215E60CD300481DE3 /* ExpandDMGWindowController.m */; };
		2C8899BA21F06BE800E5D745 /* DMGHandler.m in Sources */ = {isa = PBXBuildFile; fileRef = 2C1452A115E751CB00481DE3 /* DMGHandler.m */; };
		2C8899BB21F06BE800E5D745 /* PathExtra.m in Sources */ = {isa = PBXBuildFile; fileRef = 2CC914F81C77414F0054346E /* PathExtra.m */; };
		2C8899BC21F06BE800E5D745 /* StringExtra.m in Sources */ = {isa = PBXBuildFile; fileRef = 2CC914FD1C77416E0054346E /* StringExtra.m */; };
		2C8899BE21F06BE800E5D745 /* DonationReminder.framework in Frameworks */ = {isa = PBXBuildFile; fileRef = 2CC915041C7741840054346E /* DonationReminder.framework */; };
		2C8899BF21F06BE800E5D745 /* Cocoa.framework in Frameworks */ = {isa = PBXBuildFile; fileRef = 1058C7A7FEA54F5311CA2CBB /* Cocoa.framework */; };
		2C8899C021F06BE800E5D745 /* libPods-QuickDMG.a in Frameworks */ = {isa = PBXBuildFile; fileRef = A69856CDE58ED685A6759F27 /* libPods-QuickDMG.a */; };
		2C8899C221F06BE800E5D745 /* DonationReminder.framework in CopyFiles */ = {isa = PBXBuildFile; fileRef = 2CC915041C7741840054346E /* DonationReminder.framework */; settings = {ATTRIBUTES = (CodeSignOnCopy, ); }; };
		2C895FA8081C9D2900694C34 /* AppController.m in Sources */ = {isa = PBXBuildFile; fileRef = 2C895FA6081C9D2900694C34 /* AppController.m */; };
		2C895FB5081CCA5E00694C34 /* GetFinderSelection.applescript in Sources */ = {isa = PBXBuildFile; fileRef = 2C895FB4081CCA5E00694C34 /* GetFinderSelection.applescript */; settings = {ATTRIBUTES = (Debug, ); }; };
		2C896428081D105D00694C34 /* DiskImageMaker.m in Sources */ = {isa = PBXBuildFile; fileRef = 2C896426081D105D00694C34 /* DiskImageMaker.m */; };
		2C97F33A0D34E39F008813CF /* ServicesMenu.strings in Resources */ = {isa = PBXBuildFile; fileRef = 2C97F3390D34E39F008813CF /* ServicesMenu.strings */; };
		2CA4BEAA09E22BAF00D9C9D6 /* QuickDMG.icns in Resources */ = {isa = PBXBuildFile; fileRef = 2CA4BEA909E22BAF00D9C9D6 /* QuickDMG.icns */; };
		2CB60F710BCB9D56009F39D7 /* LocalizedStringTransformer.m in Sources */ = {isa = PBXBuildFile; fileRef = 2CB60F6F0BCB9D56009F39D7 /* LocalizedStringTransformer.m */; };
		2CC2DCFD0CABE945006E7800 /* DMGDocumentController.m in Sources */ = {isa = PBXBuildFile; fileRef = 2CC2DBCD0CABC876006E7800 /* DMGDocumentController.m */; };
		2CC2E7AD0CE7EB6400653E25 /* KXTableView.m in Sources */ = {isa = PBXBuildFile; fileRef = 2CC2E7AB0CE7EB6400653E25 /* KXTableView.m */; };
		2CC904150CE877830016E8D7 /* UtilityFunctions.m in Sources */ = {isa = PBXBuildFile; fileRef = 2CC904130CE877830016E8D7 /* UtilityFunctions.m */; };
		2CC914FA1C77414F0054346E /* PathExtra.m in Sources */ = {isa = PBXBuildFile; fileRef = 2CC914F81C77414F0054346E /* PathExtra.m */; };
		2CC914FE1C77416E0054346E /* StringExtra.m in Sources */ = {isa = PBXBuildFile; fileRef = 2CC914FD1C77416E0054346E /* StringExtra.m */; };
		2CC915091C7741E50054346E /* DonationReminder.framework in Frameworks */ = {isa = PBXBuildFile; fileRef = 2CC915041C7741840054346E /* DonationReminder.framework */; };
		2CC9150A1C7741F50054346E /* DonationReminder.framework in CopyFiles */ = {isa = PBXBuildFile; fileRef = 2CC915041C7741840054346E /* DonationReminder.framework */; settings = {ATTRIBUTES = (CodeSignOnCopy, ); }; };
		2CC915231C7744A60054346E /* DMGDocument.xib in Resources */ = {isa = PBXBuildFile; fileRef = 2CC915191C7744A60054346E /* DMGDocument.xib */; };
		2CC915241C7744A60054346E /* DMGOptionsView.xib in Resources */ = {isa = PBXBuildFile; fileRef = 2CC9151B1C7744A60054346E /* DMGOptionsView.xib */; };
		2CC915251C7744A60054346E /* DMGProgressWindow.xib in Resources */ = {isa = PBXBuildFile; fileRef = 2CC9151D1C7744A60054346E /* DMGProgressWindow.xib */; };
		2CC915261C7744A60054346E /* MainMenu.xib in Resources */ = {isa = PBXBuildFile; fileRef = 2CC9151F1C7744A60054346E /* MainMenu.xib */; };
		2CC915271C7744A60054346E /* MDMGWindow.xib in Resources */ = {isa = PBXBuildFile; fileRef = 2CC915211C7744A60054346E /* MDMGWindow.xib */; };
		2CD8A27C1C7C7F99001800EE /* QuickDMGHelp in Resources */ = {isa = PBXBuildFile; fileRef = 2CD8A27B1C7C7F99001800EE /* QuickDMGHelp */; };
		2CDD29E40B16DFCE000B3543 /* HelpSetup.plist in Resources */ = {isa = PBXBuildFile; fileRef = 2CDD29E30B16DFCE000B3543 /* HelpSetup.plist */; };
		2CF42623088EB8F1002BBE99 /* Localizable.strings in Resources */ = {isa = PBXBuildFile; fileRef = 2CF42622088EB8F1002BBE99 /* Localizable.strings */; };
		2CF840FD1580ED73004E5E20 /* Credits.rtf in Resources */ = {isa = PBXBuildFile; fileRef = 2CF840FC1580ED73004E5E20 /* Credits.rtf */; };
		2CF841E715824F92004E5E20 /* dsa_pub.pem in Resources */ = {isa = PBXBuildFile; fileRef = 2CF841E615824F92004E5E20 /* dsa_pub.pem */; };
		2CFAE2580CE848E70070AEF4 /* FileTableController.m in Sources */ = {isa = PBXBuildFile; fileRef = 2CFAE2560CE848E70070AEF4 /* FileTableController.m */; };
		80B9EC6788BA943C5A0FBDEC /* libPods-QuickDMG.a in Frameworks */ = {isa = PBXBuildFile; fileRef = A69856CDE58ED685A6759F27 /* libPods-QuickDMG.a */; };
		8D15AC2F0486D014006FF6A4 /* InfoPlist.strings in Resources */ = {isa = PBXBuildFile; fileRef = 089C165FFE840EACC02AAC07 /* InfoPlist.strings */; };
		8D15AC310486D014006FF6A4 /* DMGDocument.m in Sources */ = {isa = PBXBuildFile; fileRef = 2A37F4ACFDCFA73011CA2CEA /* DMGDocument.m */; settings = {ATTRIBUTES = (); }; };
		8D15AC320486D014006FF6A4 /* main.m in Sources */ = {isa = PBXBuildFile; fileRef = 2A37F4B0FDCFA73011CA2CEA /* main.m */; settings = {ATTRIBUTES = (); }; };
		8D15AC340486D014006FF6A4 /* Cocoa.framework in Frameworks */ = {isa = PBXBuildFile; fileRef = 1058C7A7FEA54F5311CA2CBB /* Cocoa.framework */; };
/* End PBXBuildFile section */

/* Begin PBXContainerItemProxy section */
		2C88999421F06BE800E5D745 /* PBXContainerItemProxy */ = {
			isa = PBXContainerItemProxy;
			containerPortal = 2CC914FF1C7741840054346E /* DonationReminder.xcodeproj */;
			proxyType = 1;
			remoteGlobalIDString = 2C4A363119E61FC40031E521;
			remoteInfo = DonationReminder;
		};
		2CC915031C7741840054346E /* PBXContainerItemProxy */ = {
			isa = PBXContainerItemProxy;
			containerPortal = 2CC914FF1C7741840054346E /* DonationReminder.xcodeproj */;
			proxyType = 2;
			remoteGlobalIDString = 2C4A363E19E61FC40031E521;
			remoteInfo = DonationReminder;
		};
		2CC915071C7741DD0054346E /* PBXContainerItemProxy */ = {
			isa = PBXContainerItemProxy;
			containerPortal = 2CC914FF1C7741840054346E /* DonationReminder.xcodeproj */;
			proxyType = 1;
			remoteGlobalIDString = 2C4A363119E61FC40031E521;
			remoteInfo = DonationReminder;
		};
/* End PBXContainerItemProxy section */

/* Begin PBXCopyFilesBuildPhase section */
		2C8899C121F06BE800E5D745 /* CopyFiles */ = {
			isa = PBXCopyFilesBuildPhase;
			buildActionMask = 2147483647;
			dstPath = "";
			dstSubfolderSpec = 10;
			files = (
				2C8899C221F06BE800E5D745 /* DonationReminder.framework in CopyFiles */,
			);
			runOnlyForDeploymentPostprocessing = 0;
		};
		2CF1C0A40B413AA600EAB8DD /* CopyFiles */ = {
			isa = PBXCopyFilesBuildPhase;
			buildActionMask = 2147483647;
			dstPath = "";
			dstSubfolderSpec = 10;
			files = (
				2CC9150A1C7741F50054346E /* DonationReminder.framework in CopyFiles */,
			);
			runOnlyForDeploymentPostprocessing = 0;
		};
/* End PBXCopyFilesBuildPhase section */

/* Begin PBXFileReference section */
		0EB89CFD04B020FA92985426 /* Pods-QuickDMG.default.xcconfig */ = {isa = PBXFileReference; includeInIndex = 1; lastKnownFileType = text.xcconfig; name = "Pods-QuickDMG.default.xcconfig"; path = "Pods/Target Support Files/Pods-QuickDMG/Pods-QuickDMG.default.xcconfig"; sourceTree = "<group>"; };
		1058C7A7FEA54F5311CA2CBB /* Cocoa.framework */ = {isa = PBXFileReference; lastKnownFileType = wrapper.framework; name = Cocoa.framework; path = /System/Library/Frameworks/Cocoa.framework; sourceTree = "<absolute>"; };
		2A37F4ACFDCFA73011CA2CEA /* DMGDocument.m */ = {isa = PBXFileReference; fileEncoding = 4; lastKnownFileType = sourcecode.c.objc; path = DMGDocument.m; sourceTree = "<group>"; };
		2A37F4AEFDCFA73011CA2CEA /* DMGDocument.h */ = {isa = PBXFileReference; fileEncoding = 4; lastKnownFileType = sourcecode.c.h; path = DMGDocument.h; sourceTree = "<group>"; };
		2A37F4B0FDCFA73011CA2CEA /* main.m */ = {isa = PBXFileReference; fileEncoding = 4; lastKnownFileType = sourcecode.c.objc; path = main.m; sourceTree = "<group>"; };
		2A37F4C4FDCFA73011CA2CEA /* AppKit.framework */ = {isa = PBXFileReference; lastKnownFileType = wrapper.framework; name = AppKit.framework; path = /System/Library/Frameworks/AppKit.framework; sourceTree = "<absolute>"; };
		2A37F4C5FDCFA73011CA2CEA /* Foundation.framework */ = {isa = PBXFileReference; lastKnownFileType = wrapper.framework; name = Foundation.framework; path = /System/Library/Frameworks/Foundation.framework; sourceTree = "<absolute>"; };
		2C03FBB3088A1353008B7312 /* UserDefaults.plist */ = {isa = PBXFileReference; fileEncoding = 4; lastKnownFileType = text.plist; path = UserDefaults.plist; sourceTree = "<group>"; };
		2C0F786E0E13E88200BDD9E3 /* PipingTask.h */ = {isa = PBXFileReference; fileEncoding = 4; lastKnownFileType = sourcecode.c.h; path = PipingTask.h; sourceTree = "<group>"; };
		2C0F78C00E14E6A600BDD9E3 /* PipingTask.m */ = {isa = PBXFileReference; fileEncoding = 4; lastKnownFileType = sourcecode.c.objc; path = PipingTask.m; sourceTree = "<group>"; };
		2C0F78C10E14E6A900BDD9E3 /* LocalizedStringTransformer.h */ = {isa = PBXFileReference; fileEncoding = 2147483649; lastKnownFileType = sourcecode.c.h; path = LocalizedStringTransformer.h; sourceTree = "<group>"; };
		2C1451F115E60CD300481DE3 /* ExpandDMGWindowController.h */ = {isa = PBXFileReference; fileEncoding = 4; lastKnownFileType = sourcecode.c.h; path = ExpandDMGWindowController.h; sourceTree = "<group>"; };
		2C1451F215E60CD300481DE3 /* ExpandDMGWindowController.m */ = {isa = PBXFileReference; fileEncoding = 4; lastKnownFileType = sourcecode.c.objc; path = ExpandDMGWindowController.m; sourceTree = "<group>"; };
		2C1452A015E751CB00481DE3 /* DMGHandler.h */ = {isa = PBXFileReference; fileEncoding = 4; lastKnownFileType = sourcecode.c.h; path = DMGHandler.h; sourceTree = "<group>"; };
		2C1452A115E751CB00481DE3 /* DMGHandler.m */ = {isa = PBXFileReference; fileEncoding = 4; lastKnownFileType = sourcecode.c.objc; path = DMGHandler.m; sourceTree = "<group>"; };
		2C1D0A430CEAC5AF00B59A0E /* plus.tiff */ = {isa = PBXFileReference; lastKnownFileType = image.tiff; path = plus.tiff; sourceTree = "<group>"; };
		2C1D0A440CEAC5AF00B59A0E /* minus.tiff */ = {isa = PBXFileReference; lastKnownFileType = image.tiff; path = minus.tiff; sourceTree = "<group>"; };
		2C201CCB2204414C00F331E4 /* Info-sandbox.plist */ = {isa = PBXFileReference; fileEncoding = 4; lastKnownFileType = text.plist.xml; path = "Info-sandbox.plist"; sourceTree = "<group>"; };
		2C24C8660CA0E60400E01AC0 /* DMGOptionsViewController.m */ = {isa = PBXFileReference; fileEncoding = 2147483649; lastKnownFileType = sourcecode.c.objc; path = DMGOptionsViewController.m; sourceTree = "<group>"; };
		2C24C8670CA0E60400E01AC0 /* DMGOptionsViewController.h */ = {isa = PBXFileReference; fileEncoding = 2147483649; lastKnownFileType = sourcecode.c.h; path = DMGOptionsViewController.h; sourceTree = "<group>"; };
		2C24C8760CA0EBFD00E01AC0 /* MDMGWindowController.h */ = {isa = PBXFileReference; fileEncoding = 2147483649; lastKnownFileType = sourcecode.c.h; path = MDMGWindowController.h; sourceTree = "<group>"; };
		2C24C8770CA0EBFD00E01AC0 /* MDMGWindowController.m */ = {isa = PBXFileReference; fileEncoding = 2147483649; lastKnownFileType = sourcecode.c.objc; path = MDMGWindowController.m; sourceTree = "<group>"; };
		2C3F596C220CFA94001336BC /* en */ = {isa = PBXFileReference; fileEncoding = 4; lastKnownFileType = text.plist.strings; name = en; path = en.lproj/Localizable.strings; sourceTree = "<group>"; };
		2C3F596D220CFAA9001336BC /* en */ = {isa = PBXFileReference; fileEncoding = 4; lastKnownFileType = text.plist.strings; name = en; path = en.lproj/InfoPlist.strings; sourceTree = "<group>"; };
		2C3F596E220CFAB9001336BC /* en */ = {isa = PBXFileReference; fileEncoding = 4; lastKnownFileType = text.plist.strings; name = en; path = en.lproj/ServicesMenu.strings; sourceTree = "<group>"; };
		2C4DAD020CE29DD3009240B6 /* DMGProgressWindowController.m */ = {isa = PBXFileReference; fileEncoding = 2147483649; lastKnownFileType = sourcecode.c.objc; path = DMGProgressWindowController.m; sourceTree = "<group>"; };
		2C4DAD030CE29DD3009240B6 /* DMGProgressWindowController.h */ = {isa = PBXFileReference; fileEncoding = 2147483649; lastKnownFileType = sourcecode.c.h; path = DMGProgressWindowController.h; sourceTree = "<group>"; };
		2C69751B220031FB008957F5 /* DMGTask.h */ = {isa = PBXFileReference; fileEncoding = 4; lastKnownFileType = sourcecode.c.h; path = DMGTask.h; sourceTree = "<group>"; };
		2C69751C220031FB008957F5 /* DMGTask.m */ = {isa = PBXFileReference; fileEncoding = 4; lastKnownFileType = sourcecode.c.objc; path = DMGTask.m; sourceTree = "<group>"; };
		2C7FBDE108194C6D00340E25 /* DMGDocumentController.h */ = {isa = PBXFileReference; fileEncoding = 2147483649; lastKnownFileType = sourcecode.c.h; path = DMGDocumentController.h; sourceTree = "<group>"; };
		2C7FBE4408196D8300340E25 /* DMGWindowController.h */ = {isa = PBXFileReference; fileEncoding = 4; lastKnownFileType = sourcecode.c.h; path = DMGWindowController.h; sourceTree = "<group>"; };
		2C7FBE4508196D8300340E25 /* DMGWindowController.m */ = {isa = PBXFileReference; fileEncoding = 4; lastKnownFileType = sourcecode.c.objc; path = DMGWindowController.m; sourceTree = "<group>"; };
		2C8899CA21F06BE800E5D745 /* QuickDMG.app */ = {isa = PBXFileReference; explicitFileType = wrapper.application; includeInIndex = 0; path = QuickDMG.app; sourceTree = BUILT_PRODUCTS_DIR; };
		2C8899CB21F06BE800E5D745 /* QuickDMG copy-Info.plist */ = {isa = PBXFileReference; lastKnownFileType = text.plist.xml; name = "QuickDMG copy-Info.plist"; path = "/Users/tkurita/Dev/Projects/QuickDMG/QuickDMG/QuickDMG copy-Info.plist"; sourceTree = "<absolute>"; };
		2C8899CC21F06C0700E5D745 /* QuickDMG-sandbox.entitlements */ = {isa = PBXFileReference; lastKnownFileType = text.plist.entitlements; path = "QuickDMG-sandbox.entitlements"; sourceTree = "<group>"; };
		2C895FA5081C9D2900694C34 /* AppController.h */ = {isa = PBXFileReference; fileEncoding = 2147483649; lastKnownFileType = sourcecode.c.h; path = AppController.h; sourceTree = "<group>"; };
		2C895FA6081C9D2900694C34 /* AppController.m */ = {isa = PBXFileReference; fileEncoding = 4; lastKnownFileType = sourcecode.c.objc; path = AppController.m; sourceTree = "<group>"; };
		2C895FB4081CCA5E00694C34 /* GetFinderSelection.applescript */ = {isa = PBXFileReference; fileEncoding = 4; lastKnownFileType = sourcecode.applescript; path = GetFinderSelection.applescript; sourceTree = "<group>"; };
		2C896425081D105D00694C34 /* DiskImageMaker.h */ = {isa = PBXFileReference; fileEncoding = 4; lastKnownFileType = sourcecode.c.h; path = DiskImageMaker.h; sourceTree = "<group>"; };
		2C896426081D105D00694C34 /* DiskImageMaker.m */ = {isa = PBXFileReference; fileEncoding = 4; lastKnownFileType = sourcecode.c.objc; path = DiskImageMaker.m; sourceTree = "<group>"; };
		2CA4BEA909E22BAF00D9C9D6 /* QuickDMG.icns */ = {isa = PBXFileReference; lastKnownFileType = image.icns; path = QuickDMG.icns; sourceTree = "<group>"; };
		2CB60F6E0BCB9D56009F39D7 /* PipingTask.m */ = {isa = PBXFileReference; fileEncoding = 2147483649; lastKnownFileType = sourcecode.c.objc; path = PipingTask.m; sourceTree = "<group>"; };
		2CB60F6F0BCB9D56009F39D7 /* LocalizedStringTransformer.m */ = {isa = PBXFileReference; fileEncoding = 2147483649; lastKnownFileType = sourcecode.c.objc; path = LocalizedStringTransformer.m; sourceTree = "<group>"; };
		2CC2DB5A0CABC1BF006E7800 /* DMGDocumentProtocol.h */ = {isa = PBXFileReference; fileEncoding = 4; lastKnownFileType = sourcecode.c.h; path = DMGDocumentProtocol.h; sourceTree = "<group>"; };
		2CC2DBAF0CABC56C006E7800 /* DMGOptionsProtocol.h */ = {isa = PBXFileReference; fileEncoding = 4; lastKnownFileType = sourcecode.c.h; path = DMGOptionsProtocol.h; sourceTree = "<group>"; };
		2CC2DBCD0CABC876006E7800 /* DMGDocumentController.m */ = {isa = PBXFileReference; fileEncoding = 4; lastKnownFileType = sourcecode.c.objc; path = DMGDocumentController.m; sourceTree = "<group>"; };
		2CC2DC2F0CABCEA5006E7800 /* DMGWindowControllerProtocol.h */ = {isa = PBXFileReference; fileEncoding = 4; lastKnownFileType = sourcecode.c.h; path = DMGWindowControllerProtocol.h; sourceTree = "<group>"; };
		2CC2E7AA0CE7EB6400653E25 /* KXTableView.h */ = {isa = PBXFileReference; fileEncoding = 2147483649; lastKnownFileType = sourcecode.c.h; path = KXTableView.h; sourceTree = "<group>"; };
		2CC2E7AB0CE7EB6400653E25 /* KXTableView.m */ = {isa = PBXFileReference; fileEncoding = 2147483649; lastKnownFileType = sourcecode.c.objc; path = KXTableView.m; sourceTree = "<group>"; };
		2CC904120CE877830016E8D7 /* UtilityFunctions.h */ = {isa = PBXFileReference; fileEncoding = 4; lastKnownFileType = sourcecode.c.h; path = UtilityFunctions.h; sourceTree = "<group>"; };
		2CC904130CE877830016E8D7 /* UtilityFunctions.m */ = {isa = PBXFileReference; fileEncoding = 4; lastKnownFileType = sourcecode.c.objc; path = UtilityFunctions.m; sourceTree = "<group>"; };
		2CC914F11C7740120054346E /* History.rtf */ = {isa = PBXFileReference; fileEncoding = 4; lastKnownFileType = text.rtf; name = History.rtf; path = ../History.rtf; sourceTree = "<group>"; };
		2CC914F51C77414F0054346E /* en */ = {isa = PBXFileReference; lastKnownFileType = text.plist.strings; name = en; path = en.lproj/PathExtra_Localizable.strings; sourceTree = "<group>"; };
		2CC914F61C77414F0054346E /* ja */ = {isa = PBXFileReference; lastKnownFileType = text.plist.strings; name = ja; path = ja.lproj/PathExtra_Localizable.strings; sourceTree = "<group>"; };
		2CC914F71C77414F0054346E /* PathExtra.h */ = {isa = PBXFileReference; fileEncoding = 4; lastKnownFileType = sourcecode.c.h; path = PathExtra.h; sourceTree = "<group>"; };
		2CC914F81C77414F0054346E /* PathExtra.m */ = {isa = PBXFileReference; fileEncoding = 4; lastKnownFileType = sourcecode.c.objc; path = PathExtra.m; sourceTree = "<group>"; };
		2CC914FC1C77416E0054346E /* StringExtra.h */ = {isa = PBXFileReference; fileEncoding = 4; lastKnownFileType = sourcecode.c.h; path = StringExtra.h; sourceTree = "<group>"; };
		2CC914FD1C77416E0054346E /* StringExtra.m */ = {isa = PBXFileReference; fileEncoding = 4; lastKnownFileType = sourcecode.c.objc; path = StringExtra.m; sourceTree = "<group>"; };
		2CC914FF1C7741840054346E /* DonationReminder.xcodeproj */ = {isa = PBXFileReference; lastKnownFileType = "wrapper.pb-project"; name = DonationReminder.xcodeproj; path = DonationReminder/DonationReminder.xcodeproj; sourceTree = "<group>"; };
		2CC9150C1C7742CC0054346E /* Base */ = {isa = PBXFileReference; lastKnownFileType = file.xib; name = Base; path = Base.lproj/ExpandDMGWindow.xib; sourceTree = "<group>"; };
		2CC915181C7744760054346E /* ja */ = {isa = PBXFileReference; lastKnownFileType = text.plist.strings; name = ja; path = ja.lproj/ExpandDMGWindow.strings; sourceTree = "<group>"; };
		2CC9151A1C7744A60054346E /* Base */ = {isa = PBXFileReference; lastKnownFileType = file.xib; name = Base; path = Base.lproj/DMGDocument.xib; sourceTree = "<group>"; };
		2CC9151C1C7744A60054346E /* Base */ = {isa = PBXFileReference; lastKnownFileType = file.xib; name = Base; path = Base.lproj/DMGOptionsView.xib; sourceTree = "<group>"; };
		2CC9151E1C7744A60054346E /* Base */ = {isa = PBXFileReference; lastKnownFileType = file.xib; name = Base; path = Base.lproj/DMGProgressWindow.xib; sourceTree = "<group>"; };
		2CC915201C7744A60054346E /* Base */ = {isa = PBXFileReference; lastKnownFileType = file.xib; name = Base; path = Base.lproj/MainMenu.xib; sourceTree = "<group>"; };
		2CC915221C7744A60054346E /* Base */ = {isa = PBXFileReference; lastKnownFileType = file.xib; name = Base; path = Base.lproj/MDMGWindow.xib; sourceTree = "<group>"; };
		2CC915281C7744AC0054346E /* ja */ = {isa = PBXFileReference; lastKnownFileType = text.plist.strings; name = ja; path = ja.lproj/DMGDocument.strings; sourceTree = "<group>"; };
		2CC915291C7744B10054346E /* ja */ = {isa = PBXFileReference; lastKnownFileType = text.plist.strings; name = ja; path = ja.lproj/DMGOptionsView.strings; sourceTree = "<group>"; };
		2CC9152A1C7744B50054346E /* ja */ = {isa = PBXFileReference; lastKnownFileType = text.plist.strings; name = ja; path = ja.lproj/DMGProgressWindow.strings; sourceTree = "<group>"; };
		2CC9152B1C7744B90054346E /* ja */ = {isa = PBXFileReference; lastKnownFileType = text.plist.strings; name = ja; path = ja.lproj/MainMenu.strings; sourceTree = "<group>"; };
		2CC9152C1C7744BC0054346E /* ja */ = {isa = PBXFileReference; lastKnownFileType = text.plist.strings; name = ja; path = ja.lproj/MDMGWindow.strings; sourceTree = "<group>"; };
		2CC9152D1C77451A0054346E /* ja */ = {isa = PBXFileReference; fileEncoding = 4; lastKnownFileType = text.plist.strings; name = ja; path = ja.lproj/Localizable.strings; sourceTree = "<group>"; };
		2CC9152E1C7745230054346E /* ja */ = {isa = PBXFileReference; fileEncoding = 4; lastKnownFileType = text.plist.strings; name = ja; path = ja.lproj/ServicesMenu.strings; sourceTree = "<group>"; };
		2CC9152F1C77452B0054346E /* ja */ = {isa = PBXFileReference; fileEncoding = 4; lastKnownFileType = text.plist.strings; name = ja; path = ja.lproj/InfoPlist.strings; sourceTree = "<group>"; };
		2CD8A27B1C7C7F99001800EE /* QuickDMGHelp */ = {isa = PBXFileReference; lastKnownFileType = folder; path = QuickDMGHelp; sourceTree = "<group>"; };
		2CDD29E30B16DFCE000B3543 /* HelpSetup.plist */ = {isa = PBXFileReference; explicitFileType = text.plist; fileEncoding = 4; path = HelpSetup.plist; sourceTree = "<group>"; };
		2CF840FC1580ED73004E5E20 /* Credits.rtf */ = {isa = PBXFileReference; lastKnownFileType = text.rtf; path = Credits.rtf; sourceTree = "<group>"; };
		2CF841E615824F92004E5E20 /* dsa_pub.pem */ = {isa = PBXFileReference; fileEncoding = 4; lastKnownFileType = text; path = dsa_pub.pem; sourceTree = "<group>"; };
		2CFAE2550CE848E70070AEF4 /* FileTableController.h */ = {isa = PBXFileReference; fileEncoding = 2147483649; lastKnownFileType = sourcecode.c.h; path = FileTableController.h; sourceTree = "<group>"; };
		2CFAE2560CE848E70070AEF4 /* FileTableController.m */ = {isa = PBXFileReference; fileEncoding = 2147483649; lastKnownFileType = sourcecode.c.objc; path = FileTableController.m; sourceTree = "<group>"; };
		32DBCF750370BD2300C91783 /* QuickDMG_Prefix.pch */ = {isa = PBXFileReference; fileEncoding = 4; lastKnownFileType = sourcecode.c.h; path = QuickDMG_Prefix.pch; sourceTree = "<group>"; };
		69AB3D777E2C9BB8AB2FB252 /* Pods-QuickDMG.debug.xcconfig */ = {isa = PBXFileReference; includeInIndex = 1; lastKnownFileType = text.xcconfig; name = "Pods-QuickDMG.debug.xcconfig"; path = "Pods/Target Support Files/Pods-QuickDMG/Pods-QuickDMG.debug.xcconfig"; sourceTree = "<group>"; };
		832E13A62A4332903944BD6A /* Pods-QuickDMG.release.xcconfig */ = {isa = PBXFileReference; includeInIndex = 1; lastKnownFileType = text.xcconfig; name = "Pods-QuickDMG.release.xcconfig"; path = "Pods/Target Support Files/Pods-QuickDMG/Pods-QuickDMG.release.xcconfig"; sourceTree = "<group>"; };
		8D15AC360486D014006FF6A4 /* Info.plist */ = {isa = PBXFileReference; explicitFileType = text.plist; fileEncoding = 4; lineEnding = 0; path = Info.plist; sourceTree = "<group>"; };
		8D15AC370486D014006FF6A4 /* QuickDMG.app */ = {isa = PBXFileReference; explicitFileType = wrapper.application; includeInIndex = 0; path = QuickDMG.app; sourceTree = BUILT_PRODUCTS_DIR; };
		A69856CDE58ED685A6759F27 /* libPods-QuickDMG.a */ = {isa = PBXFileReference; explicitFileType = archive.ar; includeInIndex = 0; path = "libPods-QuickDMG.a"; sourceTree = BUILT_PRODUCTS_DIR; };
/* End PBXFileReference section */

/* Begin PBXFrameworksBuildPhase section */
		2C8899BD21F06BE800E5D745 /* Frameworks */ = {
			isa = PBXFrameworksBuildPhase;
			buildActionMask = 2147483647;
			files = (
				2C8899BE21F06BE800E5D745 /* DonationReminder.framework in Frameworks */,
				2C8899BF21F06BE800E5D745 /* Cocoa.framework in Frameworks */,
				2C8899C021F06BE800E5D745 /* libPods-QuickDMG.a in Frameworks */,
			);
			runOnlyForDeploymentPostprocessing = 0;
		};
		8D15AC330486D014006FF6A4 /* Frameworks */ = {
			isa = PBXFrameworksBuildPhase;
			buildActionMask = 2147483647;
			files = (
				2CC915091C7741E50054346E /* DonationReminder.framework in Frameworks */,
				8D15AC340486D014006FF6A4 /* Cocoa.framework in Frameworks */,
				80B9EC6788BA943C5A0FBDEC /* libPods-QuickDMG.a in Frameworks */,
			);
			runOnlyForDeploymentPostprocessing = 0;
		};
/* End PBXFrameworksBuildPhase section */

/* Begin PBXGroup section */
		1058C7A6FEA54F5311CA2CBB /* Linked Frameworks */ = {
			isa = PBXGroup;
			children = (
				1058C7A7FEA54F5311CA2CBB /* Cocoa.framework */,
			);
			name = "Linked Frameworks";
			sourceTree = "<group>";
		};
		1058C7A8FEA54F5311CA2CBB /* Other Frameworks */ = {
			isa = PBXGroup;
			children = (
				2A37F4C5FDCFA73011CA2CEA /* Foundation.framework */,
				2A37F4C4FDCFA73011CA2CEA /* AppKit.framework */,
			);
			name = "Other Frameworks";
			sourceTree = "<group>";
		};
		19C28FB0FE9D524F11CA2CBB /* Products */ = {
			isa = PBXGroup;
			children = (
				8D15AC370486D014006FF6A4 /* QuickDMG.app */,
				2C8899CA21F06BE800E5D745 /* QuickDMG.app */,
			);
			name = Products;
			sourceTree = "<group>";
		};
		2A37F4AAFDCFA73011CA2CEA /* docbaseApp */ = {
			isa = PBXGroup;
			children = (
				2C8899CC21F06C0700E5D745 /* QuickDMG-sandbox.entitlements */,
				2CC914F11C7740120054346E /* History.rtf */,
				2CC914FB1C77416E0054346E /* StringExtra */,
				2CC914F31C77414F0054346E /* PathExtra */,
				2A37F4ABFDCFA73011CA2CEA /* Classes */,
				2C895FB3081CCA3D00694C34 /* Scripts */,
				2A37F4AFFDCFA73011CA2CEA /* Other Sources */,
				2A37F4B8FDCFA73011CA2CEA /* Resources */,
				2A37F4C3FDCFA73011CA2CEA /* Frameworks */,
				19C28FB0FE9D524F11CA2CBB /* Products */,
				2CC914FF1C7741840054346E /* DonationReminder.xcodeproj */,
				9295F088CE3057F52CAE8809 /* Pods */,
				2C8899CB21F06BE800E5D745 /* QuickDMG copy-Info.plist */,
			);
			name = docbaseApp;
			sourceTree = "<group>";
		};
		2A37F4ABFDCFA73011CA2CEA /* Classes */ = {
			isa = PBXGroup;
			children = (
				2C1452A015E751CB00481DE3 /* DMGHandler.h */,
				2C1452A115E751CB00481DE3 /* DMGHandler.m */,
				2C1451F115E60CD300481DE3 /* ExpandDMGWindowController.h */,
				2C1451F215E60CD300481DE3 /* ExpandDMGWindowController.m */,
				2C0F78C10E14E6A900BDD9E3 /* LocalizedStringTransformer.h */,
				2CB60F6E0BCB9D56009F39D7 /* PipingTask.m */,
				2CB60F6F0BCB9D56009F39D7 /* LocalizedStringTransformer.m */,
				2C896425081D105D00694C34 /* DiskImageMaker.h */,
				2C896426081D105D00694C34 /* DiskImageMaker.m */,
				2C69751B220031FB008957F5 /* DMGTask.h */,
				2C69751C220031FB008957F5 /* DMGTask.m */,
				2CC2DC2F0CABCEA5006E7800 /* DMGWindowControllerProtocol.h */,
				2C7FBE4408196D8300340E25 /* DMGWindowController.h */,
				2C7FBE4508196D8300340E25 /* DMGWindowController.m */,
				2CC2DB5A0CABC1BF006E7800 /* DMGDocumentProtocol.h */,
				2A37F4AEFDCFA73011CA2CEA /* DMGDocument.h */,
				2A37F4ACFDCFA73011CA2CEA /* DMGDocument.m */,
				2C7FBDE108194C6D00340E25 /* DMGDocumentController.h */,
				2CC2DBCD0CABC876006E7800 /* DMGDocumentController.m */,
				2C895FA5081C9D2900694C34 /* AppController.h */,
				2C895FA6081C9D2900694C34 /* AppController.m */,
				2C24C8660CA0E60400E01AC0 /* DMGOptionsViewController.m */,
				2C24C8670CA0E60400E01AC0 /* DMGOptionsViewController.h */,
				2C24C8760CA0EBFD00E01AC0 /* MDMGWindowController.h */,
				2C24C8770CA0EBFD00E01AC0 /* MDMGWindowController.m */,
				2CC2DBAF0CABC56C006E7800 /* DMGOptionsProtocol.h */,
				2C4DAD020CE29DD3009240B6 /* DMGProgressWindowController.m */,
				2C4DAD030CE29DD3009240B6 /* DMGProgressWindowController.h */,
				2CC2E7AA0CE7EB6400653E25 /* KXTableView.h */,
				2CC2E7AB0CE7EB6400653E25 /* KXTableView.m */,
				2CFAE2550CE848E70070AEF4 /* FileTableController.h */,
				2CFAE2560CE848E70070AEF4 /* FileTableController.m */,
				2CC904120CE877830016E8D7 /* UtilityFunctions.h */,
				2CC904130CE877830016E8D7 /* UtilityFunctions.m */,
				2C0F786E0E13E88200BDD9E3 /* PipingTask.h */,
				2C0F78C00E14E6A600BDD9E3 /* PipingTask.m */,
			);
			name = Classes;
			sourceTree = "<group>";
		};
		2A37F4AFFDCFA73011CA2CEA /* Other Sources */ = {
			isa = PBXGroup;
			children = (
				32DBCF750370BD2300C91783 /* QuickDMG_Prefix.pch */,
				2A37F4B0FDCFA73011CA2CEA /* main.m */,
			);
			name = "Other Sources";
			sourceTree = "<group>";
		};
		2A37F4B8FDCFA73011CA2CEA /* Resources */ = {
			isa = PBXGroup;
			children = (
				8D15AC360486D014006FF6A4 /* Info.plist */,
				2C201CCB2204414C00F331E4 /* Info-sandbox.plist */,
				2CD8A27B1C7C7F99001800EE /* QuickDMGHelp */,
				2CC915191C7744A60054346E /* DMGDocument.xib */,
				2CC9151B1C7744A60054346E /* DMGOptionsView.xib */,
				2CC9151D1C7744A60054346E /* DMGProgressWindow.xib */,
				2CC9151F1C7744A60054346E /* MainMenu.xib */,
				2CC915211C7744A60054346E /* MDMGWindow.xib */,
				2C14520215E61AEE00481DE3 /* ExpandDMGWindow.xib */,
				2CF841E615824F92004E5E20 /* dsa_pub.pem */,
				2CF840FC1580ED73004E5E20 /* Credits.rtf */,
				2C1D0A430CEAC5AF00B59A0E /* plus.tiff */,
				2C1D0A440CEAC5AF00B59A0E /* minus.tiff */,
				2CDD29E30B16DFCE000B3543 /* HelpSetup.plist */,
				2CA4BEA909E22BAF00D9C9D6 /* QuickDMG.icns */,
				2CF42622088EB8F1002BBE99 /* Localizable.strings */,
				2C03FBB3088A1353008B7312 /* UserDefaults.plist */,
				089C165FFE840EACC02AAC07 /* InfoPlist.strings */,
				2C97F3390D34E39F008813CF /* ServicesMenu.strings */,
			);
			name = Resources;
			sourceTree = "<group>";
		};
		2A37F4C3FDCFA73011CA2CEA /* Frameworks */ = {
			isa = PBXGroup;
			children = (
				1058C7A6FEA54F5311CA2CBB /* Linked Frameworks */,
				1058C7A8FEA54F5311CA2CBB /* Other Frameworks */,
				A69856CDE58ED685A6759F27 /* libPods-QuickDMG.a */,
			);
			name = Frameworks;
			sourceTree = "<group>";
		};
		2C895FB3081CCA3D00694C34 /* Scripts */ = {
			isa = PBXGroup;
			children = (
				2C895FB4081CCA5E00694C34 /* GetFinderSelection.applescript */,
			);
			name = Scripts;
			sourceTree = "<group>";
		};
		2CC914F31C77414F0054346E /* PathExtra */ = {
			isa = PBXGroup;
			children = (
				2CC914F41C77414F0054346E /* PathExtra_Localizable.strings */,
				2CC914F71C77414F0054346E /* PathExtra.h */,
				2CC914F81C77414F0054346E /* PathExtra.m */,
			);
			path = PathExtra;
			sourceTree = "<group>";
		};
		2CC914FB1C77416E0054346E /* StringExtra */ = {
			isa = PBXGroup;
			children = (
				2CC914FC1C77416E0054346E /* StringExtra.h */,
				2CC914FD1C77416E0054346E /* StringExtra.m */,
			);
			path = StringExtra;
			sourceTree = "<group>";
		};
		2CC915001C7741840054346E /* Products */ = {
			isa = PBXGroup;
			children = (
				2CC915041C7741840054346E /* DonationReminder.framework */,
			);
			name = Products;
			sourceTree = "<group>";
		};
		9295F088CE3057F52CAE8809 /* Pods */ = {
			isa = PBXGroup;
			children = (
				69AB3D777E2C9BB8AB2FB252 /* Pods-QuickDMG.debug.xcconfig */,
				832E13A62A4332903944BD6A /* Pods-QuickDMG.release.xcconfig */,
				0EB89CFD04B020FA92985426 /* Pods-QuickDMG.default.xcconfig */,
			);
			name = Pods;
			sourceTree = "<group>";
		};
/* End PBXGroup section */

/* Begin PBXNativeTarget section */
		2C88999221F06BE800E5D745 /* QuickDMG-sandbox */ = {
			isa = PBXNativeTarget;
			buildConfigurationList = 2C8899C621F06BE800E5D745 /* Build configuration list for PBXNativeTarget "QuickDMG-sandbox" */;
			buildPhases = (
				2C88999521F06BE800E5D745 /* [CP] Check Pods Manifest.lock */,
				2C88999621F06BE800E5D745 /* Resources */,
				2C8899A921F06BE800E5D745 /* Sources */,
				2C8899BD21F06BE800E5D745 /* Frameworks */,
				2C8899C121F06BE800E5D745 /* CopyFiles */,
				2C8899C321F06BE800E5D745 /* ShellScript */,
				2C8899C421F06BE800E5D745 /* [CP] Embed Pods Frameworks */,
				2C8899C521F06BE800E5D745 /* [CP] Copy Pods Resources */,
			);
			buildRules = (
			);
			dependencies = (
				2C88999321F06BE800E5D745 /* PBXTargetDependency */,
			);
			name = "QuickDMG-sandbox";
			productInstallPath = "$(HOME)/Applications";
			productName = docbaseApp;
			productReference = 2C8899CA21F06BE800E5D745 /* QuickDMG.app */;
			productType = "com.apple.product-type.application";
		};
		8D15AC270486D014006FF6A4 /* QuickDMG */ = {
			isa = PBXNativeTarget;
			buildConfigurationList = 2CC63DFD09377A2500503C26 /* Build configuration list for PBXNativeTarget "QuickDMG" */;
			buildPhases = (
				F700EAF7BEF40303CC8AE27D /* [CP] Check Pods Manifest.lock */,
				8D15AC2B0486D014006FF6A4 /* Resources */,
				8D15AC300486D014006FF6A4 /* Sources */,
				8D15AC330486D014006FF6A4 /* Frameworks */,
				2CF1C0A40B413AA600EAB8DD /* CopyFiles */,
				2CF840A11580AFD8004E5E20 /* ShellScript */,
				81AF875326A79260CBA0EAC8 /* [CP] Embed Pods Frameworks */,
				066848FBE47C4138F1196DF5 /* [CP] Copy Pods Resources */,
			);
			buildRules = (
			);
			dependencies = (
				2CC915081C7741DD0054346E /* PBXTargetDependency */,
			);
			name = QuickDMG;
			productInstallPath = "$(HOME)/Applications";
			productName = docbaseApp;
			productReference = 8D15AC370486D014006FF6A4 /* QuickDMG.app */;
			productType = "com.apple.product-type.application";
		};
/* End PBXNativeTarget section */

/* Begin PBXProject section */
		2A37F4A9FDCFA73011CA2CEA /* Project object */ = {
			isa = PBXProject;
			attributes = {
				LastUpgradeCheck = 0820;
				TargetAttributes = {
					2C88999221F06BE800E5D745 = {
						SystemCapabilities = {
							com.apple.Sandbox = {
								enabled = 1;
							};
						};
					};
					8D15AC270486D014006FF6A4 = {
						ProvisioningStyle = Automatic;
					};
				};
			};
			buildConfigurationList = 2CC63E0109377A2500503C26 /* Build configuration list for PBXProject "QuickDMG" */;
			compatibilityVersion = "Xcode 8.0";
			developmentRegion = English;
			hasScannedForEncodings = 1;
			knownRegions = (
				en,
				ja,
				French,
				German,
				Base,
			);
			mainGroup = 2A37F4AAFDCFA73011CA2CEA /* docbaseApp */;
			productRefGroup = 19C28FB0FE9D524F11CA2CBB /* Products */;
			projectDirPath = "";
			projectReferences = (
				{
					ProductGroup = 2CC915001C7741840054346E /* Products */;
					ProjectRef = 2CC914FF1C7741840054346E /* DonationReminder.xcodeproj */;
				},
			);
			projectRoot = "";
			targets = (
				8D15AC270486D014006FF6A4 /* QuickDMG */,
				2C88999221F06BE800E5D745 /* QuickDMG-sandbox */,
			);
		};
/* End PBXProject section */

/* Begin PBXReferenceProxy section */
		2CC915041C7741840054346E /* DonationReminder.framework */ = {
			isa = PBXReferenceProxy;
			fileType = wrapper.framework;
			path = DonationReminder.framework;
			remoteRef = 2CC915031C7741840054346E /* PBXContainerItemProxy */;
			sourceTree = BUILT_PRODUCTS_DIR;
		};
/* End PBXReferenceProxy section */

/* Begin PBXResourcesBuildPhase section */
		2C88999621F06BE800E5D745 /* Resources */ = {
			isa = PBXResourcesBuildPhase;
			buildActionMask = 2147483647;
			files = (
				2C88999721F06BE800E5D745 /* QuickDMG.icns in Resources */,
				2C88999821F06BE800E5D745 /* InfoPlist.strings in Resources */,
				2C88999921F06BE800E5D745 /* UserDefaults.plist in Resources */,
				2C88999A21F06BE800E5D745 /* Localizable.strings in Resources */,
				2C88999B21F06BE800E5D745 /* HelpSetup.plist in Resources */,
				2C88999C21F06BE800E5D745 /* plus.tiff in Resources */,
				2C88999D21F06BE800E5D745 /* minus.tiff in Resources */,
				2C88999E21F06BE800E5D745 /* ServicesMenu.strings in Resources */,
				2C88999F21F06BE800E5D745 /* Credits.rtf in Resources */,
				2C8899A021F06BE800E5D745 /* dsa_pub.pem in Resources */,
				2C8899A121F06BE800E5D745 /* ExpandDMGWindow.xib in Resources */,
				2C8899A321F06BE800E5D745 /* DMGDocument.xib in Resources */,
				2C8899A421F06BE800E5D745 /* DMGOptionsView.xib in Resources */,
				2C8899A521F06BE800E5D745 /* DMGProgressWindow.xib in Resources */,
				2C8899A621F06BE800E5D745 /* MainMenu.xib in Resources */,
				2C8899A721F06BE800E5D745 /* MDMGWindow.xib in Resources */,
				2C8899A821F06BE800E5D745 /* QuickDMGHelp in Resources */,
			);
			runOnlyForDeploymentPostprocessing = 0;
		};
		8D15AC2B0486D014006FF6A4 /* Resources */ = {
			isa = PBXResourcesBuildPhase;
			buildActionMask = 2147483647;
			files = (
				2CA4BEAA09E22BAF00D9C9D6 /* QuickDMG.icns in Resources */,
				8D15AC2F0486D014006FF6A4 /* InfoPlist.strings in Resources */,
				2C03FBB4088A1353008B7312 /* UserDefaults.plist in Resources */,
				2CF42623088EB8F1002BBE99 /* Localizable.strings in Resources */,
				2CDD29E40B16DFCE000B3543 /* HelpSetup.plist in Resources */,
				2C1D0A450CEAC5AF00B59A0E /* plus.tiff in Resources */,
				2C1D0A460CEAC5AF00B59A0E /* minus.tiff in Resources */,
				2C97F33A0D34E39F008813CF /* ServicesMenu.strings in Resources */,
				2CF840FD1580ED73004E5E20 /* Credits.rtf in Resources */,
				2CF841E715824F92004E5E20 /* dsa_pub.pem in Resources */,
				2C14520315E61AEE00481DE3 /* ExpandDMGWindow.xib in Resources */,
				2CC915231C7744A60054346E /* DMGDocument.xib in Resources */,
				2CC915241C7744A60054346E /* DMGOptionsView.xib in Resources */,
				2CC915251C7744A60054346E /* DMGProgressWindow.xib in Resources */,
				2CC915261C7744A60054346E /* MainMenu.xib in Resources */,
				2CC915271C7744A60054346E /* MDMGWindow.xib in Resources */,
				2CD8A27C1C7C7F99001800EE /* QuickDMGHelp in Resources */,
			);
			runOnlyForDeploymentPostprocessing = 0;
		};
/* End PBXResourcesBuildPhase section */

/* Begin PBXShellScriptBuildPhase section */
		066848FBE47C4138F1196DF5 /* [CP] Copy Pods Resources */ = {
			isa = PBXShellScriptBuildPhase;
			buildActionMask = 2147483647;
			files = (
			);
			inputPaths = (
			);
			name = "[CP] Copy Pods Resources";
			outputPaths = (
			);
			runOnlyForDeploymentPostprocessing = 0;
			shellPath = /bin/sh;
			shellScript = "\"${SRCROOT}/Pods/Target Support Files/Pods-QuickDMG/Pods-QuickDMG-resources.sh\"\n";
			showEnvVarsInLog = 0;
		};
		2C88999521F06BE800E5D745 /* [CP] Check Pods Manifest.lock */ = {
			isa = PBXShellScriptBuildPhase;
			buildActionMask = 2147483647;
			files = (
			);
			inputPaths = (
				"${PODS_PODFILE_DIR_PATH}/Podfile.lock",
				"${PODS_ROOT}/Manifest.lock",
			);
			name = "[CP] Check Pods Manifest.lock";
			outputPaths = (
				"$(DERIVED_FILE_DIR)/Pods-QuickDMG-checkManifestLockResult.txt",
			);
			runOnlyForDeploymentPostprocessing = 0;
			shellPath = /bin/sh;
			shellScript = "diff \"${PODS_PODFILE_DIR_PATH}/Podfile.lock\" \"${PODS_ROOT}/Manifest.lock\" > /dev/null\nif [ $? != 0 ] ; then\n    # print error to STDERR\n    echo \"error: The sandbox is not in sync with the Podfile.lock. Run 'pod install' or update your CocoaPods installation.\" >&2\n    exit 1\nfi\n# This output is used by Xcode 'outputs' to avoid re-running this script phase.\necho \"SUCCESS\" > \"${SCRIPT_OUTPUT_FILE_0}\"\n";
			showEnvVarsInLog = 0;
		};
		2C8899C321F06BE800E5D745 /* ShellScript */ = {
			isa = PBXShellScriptBuildPhase;
			buildActionMask = 8;
			files = (
			);
			inputPaths = (
			);
			outputPaths = (
			);
			runOnlyForDeploymentPostprocessing = 1;
			shellPath = /bin/sh;
			shellScript = "if [ ! \"$CONFIGURATION\" = 'Release' ]; then\necho \"HelpBook setup script will run only with Release configuration\";\nexit 0\nfi\necho \"$BUILT_PRODUCTS_DIR\"\ncd \"$BUILT_PRODUCTS_DIR\"\necho \"$FULL_PRODUCT_NAME\"\nSetupHelpBook \"$FULL_PRODUCT_NAME\"\n";
		};
		2C8899C421F06BE800E5D745 /* [CP] Embed Pods Frameworks */ = {
			isa = PBXShellScriptBuildPhase;
			buildActionMask = 2147483647;
			files = (
			);
			inputPaths = (
				"${SRCROOT}/Pods/Target Support Files/Pods-QuickDMG/Pods-QuickDMG-frameworks.sh",
				"${PODS_ROOT}/Sparkle/Sparkle.framework",
				"${PODS_ROOT}/Sparkle/Sparkle.framework.dSYM",
			);
			name = "[CP] Embed Pods Frameworks";
			outputPaths = (
				"${TARGET_BUILD_DIR}/${FRAMEWORKS_FOLDER_PATH}/Sparkle.framework",
				"${DWARF_DSYM_FOLDER_PATH}/Sparkle.framework.dSYM",
			);
			runOnlyForDeploymentPostprocessing = 0;
			shellPath = /bin/sh;
			shellScript = "\"${SRCROOT}/Pods/Target Support Files/Pods-QuickDMG/Pods-QuickDMG-frameworks.sh\"\n";
			showEnvVarsInLog = 0;
		};
		2C8899C521F06BE800E5D745 /* [CP] Copy Pods Resources */ = {
			isa = PBXShellScriptBuildPhase;
			buildActionMask = 2147483647;
			files = (
			);
			inputPaths = (
			);
			name = "[CP] Copy Pods Resources";
			outputPaths = (
			);
			runOnlyForDeploymentPostprocessing = 0;
			shellPath = /bin/sh;
			shellScript = "\"${SRCROOT}/Pods/Target Support Files/Pods-QuickDMG/Pods-QuickDMG-resources.sh\"\n";
			showEnvVarsInLog = 0;
		};
		2CF840A11580AFD8004E5E20 /* ShellScript */ = {
			isa = PBXShellScriptBuildPhase;
			buildActionMask = 8;
			files = (
			);
			inputPaths = (
			);
			outputPaths = (
			);
			runOnlyForDeploymentPostprocessing = 1;
			shellPath = /bin/sh;
			shellScript = "if [ ! \"$CONFIGURATION\" = 'Release' ]; then\necho \"HelpBook setup script will run only with Release configuration\";\nexit 0\nfi\necho \"$BUILT_PRODUCTS_DIR\"\ncd \"$BUILT_PRODUCTS_DIR\"\necho \"$FULL_PRODUCT_NAME\"\nSetupHelpBook \"$FULL_PRODUCT_NAME\"\n";
		};
		81AF875326A79260CBA0EAC8 /* [CP] Embed Pods Frameworks */ = {
			isa = PBXShellScriptBuildPhase;
			buildActionMask = 2147483647;
			files = (
			);
			inputPaths = (
				"${SRCROOT}/Pods/Target Support Files/Pods-QuickDMG/Pods-QuickDMG-frameworks.sh",
				"${PODS_ROOT}/Sparkle/Sparkle.framework",
				"${PODS_ROOT}/Sparkle/Sparkle.framework.dSYM",
			);
			name = "[CP] Embed Pods Frameworks";
			outputPaths = (
				"${TARGET_BUILD_DIR}/${FRAMEWORKS_FOLDER_PATH}/Sparkle.framework",
				"${DWARF_DSYM_FOLDER_PATH}/Sparkle.framework.dSYM",
			);
			runOnlyForDeploymentPostprocessing = 0;
			shellPath = /bin/sh;
			shellScript = "\"${SRCROOT}/Pods/Target Support Files/Pods-QuickDMG/Pods-QuickDMG-frameworks.sh\"\n";
			showEnvVarsInLog = 0;
		};
		F700EAF7BEF40303CC8AE27D /* [CP] Check Pods Manifest.lock */ = {
			isa = PBXShellScriptBuildPhase;
			buildActionMask = 2147483647;
			files = (
			);
			inputPaths = (
				"${PODS_PODFILE_DIR_PATH}/Podfile.lock",
				"${PODS_ROOT}/Manifest.lock",
			);
			name = "[CP] Check Pods Manifest.lock";
			outputPaths = (
				"$(DERIVED_FILE_DIR)/Pods-QuickDMG-checkManifestLockResult.txt",
			);
			runOnlyForDeploymentPostprocessing = 0;
			shellPath = /bin/sh;
			shellScript = "diff \"${PODS_PODFILE_DIR_PATH}/Podfile.lock\" \"${PODS_ROOT}/Manifest.lock\" > /dev/null\nif [ $? != 0 ] ; then\n    # print error to STDERR\n    echo \"error: The sandbox is not in sync with the Podfile.lock. Run 'pod install' or update your CocoaPods installation.\" >&2\n    exit 1\nfi\n# This output is used by Xcode 'outputs' to avoid re-running this script phase.\necho \"SUCCESS\" > \"${SCRIPT_OUTPUT_FILE_0}\"\n";
			showEnvVarsInLog = 0;
		};
/* End PBXShellScriptBuildPhase section */

/* Begin PBXSourcesBuildPhase section */
		2C8899A921F06BE800E5D745 /* Sources */ = {
			isa = PBXSourcesBuildPhase;
			buildActionMask = 2147483647;
			files = (
				2C8899AA21F06BE800E5D745 /* GetFinderSelection.applescript in Sources */,
				2C8899AB21F06BE800E5D745 /* DMGDocumentController.m in Sources */,
				2C8899AC21F06BE800E5D745 /* DMGDocument.m in Sources */,
				2C8899AD21F06BE800E5D745 /* main.m in Sources */,
				2C8899AE21F06BE800E5D745 /* DMGWindowController.m in Sources */,
				2C8899AF21F06BE800E5D745 /* AppController.m in Sources */,
				2C8899B021F06BE800E5D745 /* DiskImageMaker.m in Sources */,
				2C8899B121F06BE800E5D745 /* LocalizedStringTransformer.m in Sources */,
				2C8899B221F06BE800E5D745 /* DMGOptionsViewController.m in Sources */,
				2C8899B321F06BE800E5D745 /* MDMGWindowController.m in Sources */,
				2C8899B421F06BE800E5D745 /* DMGProgressWindowController.m in Sources */,
				2C69751E220031FB008957F5 /* DMGTask.m in Sources */,
				2C8899B521F06BE800E5D745 /* KXTableView.m in Sources */,
				2C8899B621F06BE800E5D745 /* FileTableController.m in Sources */,
				2C8899B721F06BE800E5D745 /* UtilityFunctions.m in Sources */,
				2C8899B821F06BE800E5D745 /* PipingTask.m in Sources */,
				2C8899B921F06BE800E5D745 /* ExpandDMGWindowController.m in Sources */,
				2C8899BA21F06BE800E5D745 /* DMGHandler.m in Sources */,
				2C8899BB21F06BE800E5D745 /* PathExtra.m in Sources */,
				2C8899BC21F06BE800E5D745 /* StringExtra.m in Sources */,
			);
			runOnlyForDeploymentPostprocessing = 0;
		};
		8D15AC300486D014006FF6A4 /* Sources */ = {
			isa = PBXSourcesBuildPhase;
			buildActionMask = 2147483647;
			files = (
				2C895FB5081CCA5E00694C34 /* GetFinderSelection.applescript in Sources */,
				2CC2DCFD0CABE945006E7800 /* DMGDocumentController.m in Sources */,
				8D15AC310486D014006FF6A4 /* DMGDocument.m in Sources */,
				8D15AC320486D014006FF6A4 /* main.m in Sources */,
				2C7FBE4708196D8300340E25 /* DMGWindowController.m in Sources */,
				2C895FA8081C9D2900694C34 /* AppController.m in Sources */,
				2C896428081D105D00694C34 /* DiskImageMaker.m in Sources */,
				2CB60F710BCB9D56009F39D7 /* LocalizedStringTransformer.m in Sources */,
				2C24C8680CA0E60400E01AC0 /* DMGOptionsViewController.m in Sources */,
				2C24C8790CA0EBFD00E01AC0 /* MDMGWindowController.m in Sources */,
				2C4DAD040CE29DD3009240B6 /* DMGProgressWindowController.m in Sources */,
				2C69751D220031FB008957F5 /* DMGTask.m in Sources */,
				2CC2E7AD0CE7EB6400653E25 /* KXTableView.m in Sources */,
				2CFAE2580CE848E70070AEF4 /* FileTableController.m in Sources */,
				2CC904150CE877830016E8D7 /* UtilityFunctions.m in Sources */,
				2C59F41D0E2C5F4400261662 /* PipingTask.m in Sources */,
				2C1451F315E60CD300481DE3 /* ExpandDMGWindowController.m in Sources */,
				2C1452A215E751CB00481DE3 /* DMGHandler.m in Sources */,
				2CC914FA1C77414F0054346E /* PathExtra.m in Sources */,
				2CC914FE1C77416E0054346E /* StringExtra.m in Sources */,
			);
			runOnlyForDeploymentPostprocessing = 0;
		};
/* End PBXSourcesBuildPhase section */

/* Begin PBXTargetDependency section */
		2C88999321F06BE800E5D745 /* PBXTargetDependency */ = {
			isa = PBXTargetDependency;
			name = DonationReminder;
			targetProxy = 2C88999421F06BE800E5D745 /* PBXContainerItemProxy */;
		};
		2CC915081C7741DD0054346E /* PBXTargetDependency */ = {
			isa = PBXTargetDependency;
			name = DonationReminder;
			targetProxy = 2CC915071C7741DD0054346E /* PBXContainerItemProxy */;
		};
/* End PBXTargetDependency section */

/* Begin PBXVariantGroup section */
		089C165FFE840EACC02AAC07 /* InfoPlist.strings */ = {
			isa = PBXVariantGroup;
			children = (
				2CC9152F1C77452B0054346E /* ja */,
				2C3F596D220CFAA9001336BC /* en */,
			);
			name = InfoPlist.strings;
			sourceTree = "<group>";
		};
		2C14520215E61AEE00481DE3 /* ExpandDMGWindow.xib */ = {
			isa = PBXVariantGroup;
			children = (
				2CC9150C1C7742CC0054346E /* Base */,
				2CC915181C7744760054346E /* ja */,
			);
			name = ExpandDMGWindow.xib;
			sourceTree = "<group>";
		};
		2C97F3390D34E39F008813CF /* ServicesMenu.strings */ = {
			isa = PBXVariantGroup;
			children = (
				2CC9152E1C7745230054346E /* ja */,
				2C3F596E220CFAB9001336BC /* en */,
			);
			name = ServicesMenu.strings;
			sourceTree = "<group>";
		};
		2CC914F41C77414F0054346E /* PathExtra_Localizable.strings */ = {
			isa = PBXVariantGroup;
			children = (
				2CC914F51C77414F0054346E /* en */,
				2CC914F61C77414F0054346E /* ja */,
			);
			name = PathExtra_Localizable.strings;
			sourceTree = "<group>";
		};
		2CC915191C7744A60054346E /* DMGDocument.xib */ = {
			isa = PBXVariantGroup;
			children = (
				2CC9151A1C7744A60054346E /* Base */,
				2CC915281C7744AC0054346E /* ja */,
			);
			name = DMGDocument.xib;
			sourceTree = "<group>";
		};
		2CC9151B1C7744A60054346E /* DMGOptionsView.xib */ = {
			isa = PBXVariantGroup;
			children = (
				2CC9151C1C7744A60054346E /* Base */,
				2CC915291C7744B10054346E /* ja */,
			);
			name = DMGOptionsView.xib;
			sourceTree = "<group>";
		};
		2CC9151D1C7744A60054346E /* DMGProgressWindow.xib */ = {
			isa = PBXVariantGroup;
			children = (
				2CC9151E1C7744A60054346E /* Base */,
				2CC9152A1C7744B50054346E /* ja */,
			);
			name = DMGProgressWindow.xib;
			sourceTree = "<group>";
		};
		2CC9151F1C7744A60054346E /* MainMenu.xib */ = {
			isa = PBXVariantGroup;
			children = (
				2CC915201C7744A60054346E /* Base */,
				2CC9152B1C7744B90054346E /* ja */,
			);
			name = MainMenu.xib;
			sourceTree = "<group>";
		};
		2CC915211C7744A60054346E /* MDMGWindow.xib */ = {
			isa = PBXVariantGroup;
			children = (
				2CC915221C7744A60054346E /* Base */,
				2CC9152C1C7744BC0054346E /* ja */,
			);
			name = MDMGWindow.xib;
			sourceTree = "<group>";
		};
		2CF42622088EB8F1002BBE99 /* Localizable.strings */ = {
			isa = PBXVariantGroup;
			children = (
				2CC9152D1C77451A0054346E /* ja */,
				2C3F596C220CFA94001336BC /* en */,
			);
			name = Localizable.strings;
			sourceTree = "<group>";
		};
/* End PBXVariantGroup section */

/* Begin XCBuildConfiguration section */
		2C72D73621F07AE500811DDF /* MacAppStore */ = {
			isa = XCBuildConfiguration;
			buildSettings = {
				CLANG_ANALYZER_LOCALIZABILITY_NONLOCALIZED = YES;
				CLANG_WARN_BOOL_CONVERSION = YES;
				CLANG_WARN_CONSTANT_CONVERSION = YES;
				CLANG_WARN_EMPTY_BODY = YES;
				CLANG_WARN_ENUM_CONVERSION = YES;
				CLANG_WARN_INFINITE_RECURSION = YES;
				CLANG_WARN_INT_CONVERSION = YES;
				CLANG_WARN_SUSPICIOUS_MOVE = YES;
				CLANG_WARN_UNREACHABLE_CODE = YES;
				CLANG_WARN__DUPLICATE_METHOD_MATCH = YES;
				ENABLE_STRICT_OBJC_MSGSEND = YES;
				FRAMEWORK_SEARCH_PATHS = "$(SRCROOT)";
				GCC_NO_COMMON_BLOCKS = YES;
				GCC_WARN_64_TO_32_BIT_CONVERSION = YES;
				GCC_WARN_ABOUT_RETURN_TYPE = YES;
				GCC_WARN_UNDECLARED_SELECTOR = YES;
				GCC_WARN_UNINITIALIZED_AUTOS = YES;
				GCC_WARN_UNUSED_FUNCTION = YES;
				GCC_WARN_UNUSED_VARIABLE = YES;
				MACOSX_DEPLOYMENT_TARGET = 10.8;
				SDKROOT = macosx;
			};
			name = MacAppStore;
		};
		2C72D73721F07AE500811DDF /* MacAppStore */ = {
			isa = XCBuildConfiguration;
			baseConfigurationReference = 832E13A62A4332903944BD6A /* Pods-QuickDMG.release.xcconfig */;
			buildSettings = {
				CLANG_ENABLE_OBJC_ARC = YES;
				CODE_SIGN_ENTITLEMENTS = "QuickDMG-sandbox.entitlements";
				CODE_SIGN_IDENTITY = "Mac Developer";
				COMBINE_HIDPI_IMAGES = YES;
				COPYRIGHT = "Copyright 2005-2019, Tetsuro KURITA";
				COPY_PHASE_STRIP = YES;
				CURRENT_PROJECT_VERSION = 20;
				DEVELOPMENT_TEAM = N3YK2F43T4;
				GCC_GENERATE_DEBUGGING_SYMBOLS = NO;
				GCC_PRECOMPILE_PREFIX_HEADER = YES;
				GCC_PREFIX_HEADER = QuickDMG_Prefix.pch;
				INFOPLIST_FILE = "Info-sandbox.plist";
				INSTALL_PATH = /Applications;
				MACOSX_DEPLOYMENT_TARGET = 10.8;
				OTHER_CFLAGS = (
					"$(inherited)",
					"-isystem",
					"\"${PODS_ROOT}/Headers/Public\"",
					"-isystem",
					"\"${PODS_ROOT}/Headers/Public/Sparkle\"",
					"-DSANDBOX=1",
				);
				OTHER_LDFLAGS = "-ObjC";
				PRODUCT_BUNDLE_IDENTIFIER = "net.script-factory.QuickDMG";
				PRODUCT_NAME = QuickDMG;
				PRODUCT_VERSION = 2.5;
				VERSIONING_SYSTEM = "apple generic";
				WRAPPER_EXTENSION = app;
			};
			name = MacAppStore;
		};
		2C72D73821F07AE500811DDF /* MacAppStore */ = {
			isa = XCBuildConfiguration;
			baseConfigurationReference = 832E13A62A4332903944BD6A /* Pods-QuickDMG.release.xcconfig */;
			buildSettings = {
				CLANG_ENABLE_OBJC_ARC = YES;
				CODE_SIGN_ENTITLEMENTS = "QuickDMG-sandbox.entitlements";
				CODE_SIGN_IDENTITY = "Mac Developer";
				COMBINE_HIDPI_IMAGES = YES;
				COPYRIGHT = "Copyright 2005-2018, Tetsuro KURITA";
				COPY_PHASE_STRIP = YES;
				CURRENT_PROJECT_VERSION = 20;
				DEVELOPMENT_TEAM = N3YK2F43T4;
				GCC_GENERATE_DEBUGGING_SYMBOLS = NO;
				GCC_PRECOMPILE_PREFIX_HEADER = YES;
				GCC_PREFIX_HEADER = QuickDMG_Prefix.pch;
				INFOPLIST_FILE = "QuickDMG copy-Info.plist";
				INSTALL_PATH = /Applications;
				MACOSX_DEPLOYMENT_TARGET = 10.8;
				PRODUCT_BUNDLE_IDENTIFIER = "net.script-factory.QuickDMG";
				PRODUCT_NAME = QuickDMG;
				PRODUCT_VERSION = 2.4.1;
				VERSIONING_SYSTEM = "apple generic";
				WRAPPER_EXTENSION = app;
			};
			name = MacAppStore;
		};
		2C8899C721F06BE800E5D745 /* Debug */ = {
			isa = XCBuildConfiguration;
			baseConfigurationReference = 69AB3D777E2C9BB8AB2FB252 /* Pods-QuickDMG.debug.xcconfig */;
			buildSettings = {
				CLANG_ENABLE_OBJC_ARC = YES;
				CODE_SIGN_ENTITLEMENTS = "QuickDMG-sandbox.entitlements";
				CODE_SIGN_IDENTITY = "Mac Developer";
				COMBINE_HIDPI_IMAGES = YES;
				COPYRIGHT = "Copyright 2005-2018, Tetsuro KURITA";
				COPY_PHASE_STRIP = NO;
				CURRENT_PROJECT_VERSION = 20;
				DEVELOPMENT_TEAM = N3YK2F43T4;
				GCC_DYNAMIC_NO_PIC = NO;
				GCC_GENERATE_DEBUGGING_SYMBOLS = YES;
				GCC_OPTIMIZATION_LEVEL = 0;
				GCC_PRECOMPILE_PREFIX_HEADER = YES;
				GCC_PREFIX_HEADER = QuickDMG_Prefix.pch;
				INFOPLIST_FILE = "QuickDMG copy-Info.plist";
				INSTALL_PATH = "$(HOME)/Applications";
				MACOSX_DEPLOYMENT_TARGET = 10.8;
				PRODUCT_BUNDLE_IDENTIFIER = "net.script-factory.QuickDMG";
				PRODUCT_NAME = QuickDMG;
				PRODUCT_VERSION = 2.4.1;
				VERSIONING_SYSTEM = "apple generic";
				WRAPPER_EXTENSION = app;
			};
			name = Debug;
		};
		2C8899C821F06BE800E5D745 /* Release */ = {
			isa = XCBuildConfiguration;
			baseConfigurationReference = 832E13A62A4332903944BD6A /* Pods-QuickDMG.release.xcconfig */;
			buildSettings = {
				CLANG_ENABLE_OBJC_ARC = YES;
				CODE_SIGN_ENTITLEMENTS = "QuickDMG-sandbox.entitlements";
				CODE_SIGN_IDENTITY = "Mac Developer";
				COMBINE_HIDPI_IMAGES = YES;
				COPYRIGHT = "Copyright 2005-2018, Tetsuro KURITA";
				COPY_PHASE_STRIP = YES;
				CURRENT_PROJECT_VERSION = 20;
				DEVELOPMENT_TEAM = N3YK2F43T4;
				GCC_GENERATE_DEBUGGING_SYMBOLS = NO;
				GCC_PRECOMPILE_PREFIX_HEADER = YES;
				GCC_PREFIX_HEADER = QuickDMG_Prefix.pch;
				INFOPLIST_FILE = "QuickDMG copy-Info.plist";
				INSTALL_PATH = /Applications;
				MACOSX_DEPLOYMENT_TARGET = 10.8;
				PRODUCT_BUNDLE_IDENTIFIER = "net.script-factory.QuickDMG";
				PRODUCT_NAME = QuickDMG;
				PRODUCT_VERSION = 2.4.1;
				VERSIONING_SYSTEM = "apple generic";
				WRAPPER_EXTENSION = app;
			};
			name = Release;
		};
		2C8899C921F06BE800E5D745 /* Default */ = {
			isa = XCBuildConfiguration;
			baseConfigurationReference = 0EB89CFD04B020FA92985426 /* Pods-QuickDMG.default.xcconfig */;
			buildSettings = {
				CLANG_ENABLE_OBJC_ARC = YES;
				CODE_SIGN_ENTITLEMENTS = "QuickDMG-sandbox.entitlements";
				CODE_SIGN_IDENTITY = "Mac Developer";
				COMBINE_HIDPI_IMAGES = YES;
				COPYRIGHT = "Copyright 2005-2018, Tetsuro KURITA";
				CURRENT_PROJECT_VERSION = 20;
				DEVELOPMENT_TEAM = N3YK2F43T4;
				GCC_GENERATE_DEBUGGING_SYMBOLS = NO;
				GCC_PRECOMPILE_PREFIX_HEADER = YES;
				GCC_PREFIX_HEADER = QuickDMG_Prefix.pch;
				INFOPLIST_FILE = "QuickDMG copy-Info.plist";
				INSTALL_PATH = "$(HOME)/Applications";
				MACOSX_DEPLOYMENT_TARGET = 10.8;
				PRODUCT_BUNDLE_IDENTIFIER = "net.script-factory.QuickDMG";
				PRODUCT_NAME = QuickDMG;
				PRODUCT_VERSION = 2.4.1;
				VERSIONING_SYSTEM = "apple generic";
				WRAPPER_EXTENSION = app;
			};
			name = Default;
		};
		2CC63DFE09377A2500503C26 /* Debug */ = {
			isa = XCBuildConfiguration;
			baseConfigurationReference = 69AB3D777E2C9BB8AB2FB252 /* Pods-QuickDMG.debug.xcconfig */;
			buildSettings = {
				CLANG_ENABLE_OBJC_ARC = YES;
				CODE_SIGN_ENTITLEMENTS = "";
				CODE_SIGN_IDENTITY = "Mac Developer";
				COMBINE_HIDPI_IMAGES = YES;
				COPYRIGHT = "Copyright 2005-2019, Tetsuro KURITA";
				COPY_PHASE_STRIP = NO;
				CURRENT_PROJECT_VERSION = 20;
				DEVELOPMENT_TEAM = N3YK2F43T4;
				GCC_DYNAMIC_NO_PIC = NO;
				GCC_GENERATE_DEBUGGING_SYMBOLS = YES;
				GCC_OPTIMIZATION_LEVEL = 0;
				GCC_PRECOMPILE_PREFIX_HEADER = YES;
				GCC_PREFIX_HEADER = QuickDMG_Prefix.pch;
				INFOPLIST_FILE = "Info-sandbox.plist";
				INSTALL_PATH = "$(HOME)/Applications";
				MACOSX_DEPLOYMENT_TARGET = 10.8;
				OTHER_CFLAGS = (
					"$(inherited)",
					"-isystem",
					"\"${PODS_ROOT}/Headers/Public\"",
					"-isystem",
					"\"${PODS_ROOT}/Headers/Public/Sparkle\"",
					"-DSANDBOX=0",
					"-DDEBUG=0",
				);
				PRODUCT_BUNDLE_IDENTIFIER = "net.script-factory.QuickDMG";
				PRODUCT_NAME = QuickDMG;
				PRODUCT_VERSION = 2.5;
				VERSIONING_SYSTEM = "apple generic";
				WRAPPER_EXTENSION = app;
			};
			name = Debug;
		};
		2CC63DFF09377A2500503C26 /* Release */ = {
			isa = XCBuildConfiguration;
			baseConfigurationReference = 832E13A62A4332903944BD6A /* Pods-QuickDMG.release.xcconfig */;
			buildSettings = {
				CLANG_ENABLE_OBJC_ARC = YES;
				CODE_SIGN_IDENTITY = "Mac Developer";
				COMBINE_HIDPI_IMAGES = YES;
				COPYRIGHT = "Copyright 2005-2019, Tetsuro KURITA";
				COPY_PHASE_STRIP = YES;
				CURRENT_PROJECT_VERSION = 20;
				DEVELOPMENT_TEAM = N3YK2F43T4;
				GCC_GENERATE_DEBUGGING_SYMBOLS = NO;
				GCC_PRECOMPILE_PREFIX_HEADER = YES;
				GCC_PREFIX_HEADER = QuickDMG_Prefix.pch;
				INFOPLIST_FILE = Info.plist;
				INSTALL_PATH = /Applications;
				MACOSX_DEPLOYMENT_TARGET = 10.8;
				PRODUCT_BUNDLE_IDENTIFIER = "net.script-factory.QuickDMG";
				PRODUCT_NAME = QuickDMG;
				PRODUCT_VERSION = 2.5;
				VERSIONING_SYSTEM = "apple generic";
				WRAPPER_EXTENSION = app;
			};
			name = Release;
		};
		2CC63E0009377A2500503C26 /* Default */ = {
			isa = XCBuildConfiguration;
			baseConfigurationReference = 0EB89CFD04B020FA92985426 /* Pods-QuickDMG.default.xcconfig */;
			buildSettings = {
				CLANG_ENABLE_OBJC_ARC = YES;
				CODE_SIGN_IDENTITY = "Mac Developer";
				COMBINE_HIDPI_IMAGES = YES;
				COPYRIGHT = "Copyright 2005-2019, Tetsuro KURITA";
				CURRENT_PROJECT_VERSION = 20;
				DEVELOPMENT_TEAM = N3YK2F43T4;
				GCC_GENERATE_DEBUGGING_SYMBOLS = NO;
				GCC_PRECOMPILE_PREFIX_HEADER = YES;
				GCC_PREFIX_HEADER = QuickDMG_Prefix.pch;
				INFOPLIST_FILE = Info.plist;
				INSTALL_PATH = "$(HOME)/Applications";
				MACOSX_DEPLOYMENT_TARGET = 10.8;
				PRODUCT_BUNDLE_IDENTIFIER = "net.script-factory.QuickDMG";
				PRODUCT_NAME = QuickDMG;
				PRODUCT_VERSION = 2.5;
				VERSIONING_SYSTEM = "apple generic";
				WRAPPER_EXTENSION = app;
			};
			name = Default;
		};
		2CC63E0209377A2500503C26 /* Debug */ = {
			isa = XCBuildConfiguration;
			buildSettings = {
				CLANG_ANALYZER_LOCALIZABILITY_NONLOCALIZED = YES;
				CLANG_WARN_BOOL_CONVERSION = YES;
				CLANG_WARN_CONSTANT_CONVERSION = YES;
				CLANG_WARN_EMPTY_BODY = YES;
				CLANG_WARN_ENUM_CONVERSION = YES;
				CLANG_WARN_INFINITE_RECURSION = YES;
				CLANG_WARN_INT_CONVERSION = YES;
				CLANG_WARN_SUSPICIOUS_MOVE = YES;
				CLANG_WARN_UNREACHABLE_CODE = YES;
				CLANG_WARN__DUPLICATE_METHOD_MATCH = YES;
				ENABLE_STRICT_OBJC_MSGSEND = YES;
				ENABLE_TESTABILITY = YES;
				FRAMEWORK_SEARCH_PATHS = "$(SRCROOT)";
				GCC_NO_COMMON_BLOCKS = YES;
				GCC_WARN_64_TO_32_BIT_CONVERSION = YES;
				GCC_WARN_ABOUT_RETURN_TYPE = YES;
				GCC_WARN_UNDECLARED_SELECTOR = YES;
				GCC_WARN_UNINITIALIZED_AUTOS = YES;
				GCC_WARN_UNUSED_FUNCTION = YES;
				GCC_WARN_UNUSED_VARIABLE = YES;
				MACOSX_DEPLOYMENT_TARGET = 10.8;
				ONLY_ACTIVE_ARCH = YES;
				SDKROOT = macosx;
			};
			name = Debug;
		};
		2CC63E0309377A2500503C26 /* Release */ = {
			isa = XCBuildConfiguration;
			buildSettings = {
				CLANG_ANALYZER_LOCALIZABILITY_NONLOCALIZED = YES;
				CLANG_WARN_BOOL_CONVERSION = YES;
				CLANG_WARN_CONSTANT_CONVERSION = YES;
				CLANG_WARN_EMPTY_BODY = YES;
				CLANG_WARN_ENUM_CONVERSION = YES;
				CLANG_WARN_INFINITE_RECURSION = YES;
				CLANG_WARN_INT_CONVERSION = YES;
				CLANG_WARN_SUSPICIOUS_MOVE = YES;
				CLANG_WARN_UNREACHABLE_CODE = YES;
				CLANG_WARN__DUPLICATE_METHOD_MATCH = YES;
				ENABLE_STRICT_OBJC_MSGSEND = YES;
				FRAMEWORK_SEARCH_PATHS = "$(SRCROOT)";
				GCC_NO_COMMON_BLOCKS = YES;
				GCC_WARN_64_TO_32_BIT_CONVERSION = YES;
				GCC_WARN_ABOUT_RETURN_TYPE = YES;
				GCC_WARN_UNDECLARED_SELECTOR = YES;
				GCC_WARN_UNINITIALIZED_AUTOS = YES;
				GCC_WARN_UNUSED_FUNCTION = YES;
				GCC_WARN_UNUSED_VARIABLE = YES;
				MACOSX_DEPLOYMENT_TARGET = 10.8;
				SDKROOT = macosx;
			};
			name = Release;
		};
		2CC63E0409377A2500503C26 /* Default */ = {
			isa = XCBuildConfiguration;
			buildSettings = {
				CLANG_ANALYZER_LOCALIZABILITY_NONLOCALIZED = YES;
				CLANG_WARN_BOOL_CONVERSION = YES;
				CLANG_WARN_CONSTANT_CONVERSION = YES;
				CLANG_WARN_EMPTY_BODY = YES;
				CLANG_WARN_ENUM_CONVERSION = YES;
				CLANG_WARN_INFINITE_RECURSION = YES;
				CLANG_WARN_INT_CONVERSION = YES;
				CLANG_WARN_SUSPICIOUS_MOVE = YES;
				CLANG_WARN_UNREACHABLE_CODE = YES;
				CLANG_WARN__DUPLICATE_METHOD_MATCH = YES;
				ENABLE_STRICT_OBJC_MSGSEND = YES;
				FRAMEWORK_SEARCH_PATHS = "$(SRCROOT)";
				GCC_NO_COMMON_BLOCKS = YES;
				GCC_WARN_64_TO_32_BIT_CONVERSION = YES;
				GCC_WARN_ABOUT_RETURN_TYPE = YES;
				GCC_WARN_UNDECLARED_SELECTOR = YES;
				GCC_WARN_UNINITIALIZED_AUTOS = YES;
				GCC_WARN_UNUSED_FUNCTION = YES;
				GCC_WARN_UNUSED_VARIABLE = YES;
				MACOSX_DEPLOYMENT_TARGET = 10.8;
				SDKROOT = macosx;
			};
			name = Default;
		};
/* End XCBuildConfiguration section */

/* Begin XCConfigurationList section */
		2C8899C621F06BE800E5D745 /* Build configuration list for PBXNativeTarget "QuickDMG-sandbox" */ = {
			isa = XCConfigurationList;
			buildConfigurations = (
				2C8899C721F06BE800E5D745 /* Debug */,
				2C8899C821F06BE800E5D745 /* Release */,
				2C72D73821F07AE500811DDF /* MacAppStore */,
				2C8899C921F06BE800E5D745 /* Default */,
			);
			defaultConfigurationIsVisible = 0;
			defaultConfigurationName = Release;
		};
		2CC63DFD09377A2500503C26 /* Build configuration list for PBXNativeTarget "QuickDMG" */ = {
			isa = XCConfigurationList;
			buildConfigurations = (
				2CC63DFE09377A2500503C26 /* Debug */,
				2CC63DFF09377A2500503C26 /* Release */,
				2C72D73721F07AE500811DDF /* MacAppStore */,
				2CC63E0009377A2500503C26 /* Default */,
			);
			defaultConfigurationIsVisible = 0;
			defaultConfigurationName = Release;
		};
		2CC63E0109377A2500503C26 /* Build configuration list for PBXProject "QuickDMG" */ = {
			isa = XCConfigurationList;
			buildConfigurations = (
				2CC63E0209377A2500503C26 /* Debug */,
				2CC63E0309377A2500503C26 /* Release */,
				2C72D73621F07AE500811DDF /* MacAppStore */,
				2CC63E0409377A2500503C26 /* Default */,
			);
			defaultConfigurationIsVisible = 0;
			defaultConfigurationName = Release;
		};
/* End XCConfigurationList section */
	};
	rootObject = 2A37F4A9FDCFA73011CA2CEA /* Project object */;
}
